// !$*UTF8*$!
{
	archiveVersion = 1;
	classes = {
	};
	objectVersion = 46;
	objects = {

/* Begin PBXAggregateTarget section */
		752A9DED4A1E4D1E9252249F /* install */ = {
			isa = PBXAggregateTarget;
			buildConfigurationList = 1D0F3264AC2B4C64AE6C7170 /* Build configuration list for PBXAggregateTarget "install" */;
			buildPhases = (
				0259BE3D4D5248E48F409AAC /* CMake PostBuild Rules */,
			);
			dependencies = (
			);
			name = install;
			productName = install;
		};
		9C3ACBB970324532A873A1C8 /* doc */ = {
			isa = PBXAggregateTarget;
			buildConfigurationList = 2E2B431E76F4408EA176088C /* Build configuration list for PBXAggregateTarget "doc" */;
			buildPhases = (
				6F116AAC40CB442AB53DAF75 /* CMake Rules */,
			);
			dependencies = (
			);
			name = doc;
			productName = doc;
		};
/* End PBXAggregateTarget section */

/* Begin PBXBuildFile section */
		032FEA8954B9421DB5B16A36 /* DragAndDrop.cpp in Sources */ = {isa = PBXBuildFile; fileRef = B8C8B84110B04EA983D09704 /* DragAndDrop.cpp */; };
		04C31BD647AF4683A2A8ECD1 /* ResizableControl.cpp in Sources */ = {isa = PBXBuildFile; fileRef = F1DCAB567D2946C9BC35BBC2 /* ResizableControl.cpp */; };
		06144A324985477C8D0DE2E8 /* LabelClickable.cpp in Sources */ = {isa = PBXBuildFile; fileRef = 12C0AE9B62324036A38343A3 /* LabelClickable.cpp */; };
		076A2AF800694801B0C110CD /* Button.cpp in Sources */ = {isa = PBXBuildFile; fileRef = FB1B8F3FDA72453495085E9D /* Button.cpp */; };
		115ABEC4882A434F99BC1D5C /* Hook.cpp in Sources */ = {isa = PBXBuildFile; fileRef = F77FB1521C9D46018F940E69 /* Hook.cpp */; };
		16FD513E0BAE48F5A198E2E6 /* ScrollBar.cpp in Sources */ = {isa = PBXBuildFile; fileRef = 352DEA9AF5C64631AB209905 /* ScrollBar.cpp */; };
		1860D5787EF5447BB7376686 /* Properties.cpp in Sources */ = {isa = PBXBuildFile; fileRef = 6648AA627F574F4F9EEF98FF /* Properties.cpp */; };
		1897EEC6FB0B4FBF9BB4E38F /* FileSave.cpp in Sources */ = {isa = PBXBuildFile; fileRef = AD2EA3722FB5480F88B6FA18 /* FileSave.cpp */; };
		199ACC435D894E269E07043D /* MenuItem.cpp in Sources */ = {isa = PBXBuildFile; fileRef = 887DD487F39C4BD5A01B0026 /* MenuItem.cpp */; };
		238BDEE558F04B6180F37005 /* Anim.cpp in Sources */ = {isa = PBXBuildFile; fileRef = 6C461899F0514F0493FE2EA2 /* Anim.cpp */; };
		2802CF434E904278A8203C94 /* VerticalScrollBar.cpp in Sources */ = {isa = PBXBuildFile; fileRef = 52C0357442B144CEAC8CF816 /* VerticalScrollBar.cpp */; };
		299981E5FE4944C9AD7FED95 /* Query.cpp in Sources */ = {isa = PBXBuildFile; fileRef = 26D75DF9D54F49998253DB49 /* Query.cpp */; };
		2FEAB1440AA4410F9D9F1EDB /* DockBase.cpp in Sources */ = {isa = PBXBuildFile; fileRef = B996C45831EE4CDD8CB6EAD5 /* DockBase.cpp */; };
		3192B7EF67574C04ADB9BF64 /* Base.cpp in Sources */ = {isa = PBXBuildFile; fileRef = 3B89208302584E0EA03C7C51 /* Base.cpp */; };
		3AD6FB036C794A8884C1A821 /* ProgressBar.cpp in Sources */ = {isa = PBXBuildFile; fileRef = 477F894750C54F69B8A2231D /* ProgressBar.cpp */; };
		541BC4A32576489685F1205E /* RadioButtonController.cpp in Sources */ = {isa = PBXBuildFile; fileRef = 6F31E6B8950D4C4BB16E31F0 /* RadioButtonController.cpp */; };
		5C1E9D3F6689426FA6285539 /* HorizontalScrollBar.cpp in Sources */ = {isa = PBXBuildFile; fileRef = 50C223174E5C496C85C4A210 /* HorizontalScrollBar.cpp */; };
		5FFBCFA0ED50422CA0C4433E /* Slider.cpp in Sources */ = {isa = PBXBuildFile; fileRef = 7793915E74B5410AAF5502F4 /* Slider.cpp */; };
		65D0BFD6FFA141FA9D63B58C /* FileOpen.cpp in Sources */ = {isa = PBXBuildFile; fileRef = 4184E4C813A74CB2BBF70E29 /* FileOpen.cpp */; };
		68B326E5996A4E729EF000DD /* BaseRender.cpp in Sources */ = {isa = PBXBuildFile; fileRef = 4EA9437DE39547FCB12C494B /* BaseRender.cpp */; };
		6B36AF3B9AB64330B1D99D1E /* NumericUpDown.cpp in Sources */ = {isa = PBXBuildFile; fileRef = D35F3120A8B4403EBA20A8CF /* NumericUpDown.cpp */; };
		7386ECC4137B452193BFB427 /* TabButton.cpp in Sources */ = {isa = PBXBuildFile; fileRef = 577C8B2E0E5742A38A6028AC /* TabButton.cpp */; };
		769235CE2D6242D7B16C03E9 /* Label.cpp in Sources */ = {isa = PBXBuildFile; fileRef = 13CE582D31A2442788D0E75B /* Label.cpp */; };
		7E47A7EA0D05467FA060877C /* VerticalSlider.cpp in Sources */ = {isa = PBXBuildFile; fileRef = 927169BAA4654F4DB28585AB /* VerticalSlider.cpp */; };
		7EE3B3355DEA4867BA176314 /* CheckBox.cpp in Sources */ = {isa = PBXBuildFile; fileRef = 674D3B3B37394720B910C37E /* CheckBox.cpp */; };
		83D8890A89084E52B940F3C0 /* Text.cpp in Sources */ = {isa = PBXBuildFile; fileRef = D6989B5397A9449C898C0825 /* Text.cpp */; };
		88627FE149414A8DAE2DEE2E /* ScrollControl.cpp in Sources */ = {isa = PBXBuildFile; fileRef = 175DF05C71974209B65E0DD7 /* ScrollControl.cpp */; };
		88A6C1C2CF1046549AA9080D /* Gwork.cpp in Sources */ = {isa = PBXBuildFile; fileRef = 3DCD2C0451F44C2EA9530936 /* Gwork.cpp */; };
		89434CFBC6874DA1A34FFF6D /* PlatformCommon.cpp in Sources */ = {isa = PBXBuildFile; fileRef = 01415769F15F420D8A240E86 /* PlatformCommon.cpp */; };
		8CCC36C708844B4DB4E7A8F7 /* Canvas.cpp in Sources */ = {isa = PBXBuildFile; fileRef = 819AE9A4ECAD4718AA7B3794 /* Canvas.cpp */; };
		8E0F46B97D154262809792D7 /* MenuStrip.cpp in Sources */ = {isa = PBXBuildFile; fileRef = 7B3A6D4EB1154B819106C6E4 /* MenuStrip.cpp */; };
		914EA30381274385A1C8EF9A /* Menu.cpp in Sources */ = {isa = PBXBuildFile; fileRef = F42F7785F43342EDBD5AC163 /* Menu.cpp */; };
		943F6F8A41DC48E0AD5A9361 /* HSVColorPicker.cpp in Sources */ = {isa = PBXBuildFile; fileRef = 7E06AAD6EDF347B9AF776993 /* HSVColorPicker.cpp */; };
		9477E77B59E04E8691ED8B31 /* ColorPicker.cpp in Sources */ = {isa = PBXBuildFile; fileRef = F7C13BEFA6384D6DB26174CF /* ColorPicker.cpp */; };
		94FB130F2ABB4B02A673E37E /* ColorControls.cpp in Sources */ = {isa = PBXBuildFile; fileRef = EE227B3877854CEC926FCEE7 /* ColorControls.cpp */; };
		97A9651B141D423389C9B3BE /* PageControl.cpp in Sources */ = {isa = PBXBuildFile; fileRef = BD5B1550C19E423EA7EDAA08 /* PageControl.cpp */; };
		987AA7B245404683950BB313 /* WindowControl.cpp in Sources */ = {isa = PBXBuildFile; fileRef = 80B79A85D42F4A9EABD10A3E /* WindowControl.cpp */; };
		98F3FFDDCE0740AFAB5D3E24 /* ControlList.cpp in Sources */ = {isa = PBXBuildFile; fileRef = 505E074642C1471FB0EA6834 /* ControlList.cpp */; };
		A00DFD0B149746E8A7D21F97 /* Dragger.cpp in Sources */ = {isa = PBXBuildFile; fileRef = 3995234B8F614E04AA0964BD /* Dragger.cpp */; };
		A0713197884D49B8BF516FF8 /* TabStrip.cpp in Sources */ = {isa = PBXBuildFile; fileRef = 98EE086954274DE0BDBB1762 /* TabStrip.cpp */; };
		A102B335A1FF476B9CA5F377 /* Utility.cpp in Sources */ = {isa = PBXBuildFile; fileRef = 04855DE7AD174BA9B70D6A8A /* Utility.cpp */; };
		A1B1A7DAC44E47F79B26BE3B /* Skin.cpp in Sources */ = {isa = PBXBuildFile; fileRef = 5B2FA45FB6134084A4C1F2CE /* Skin.cpp */; };
		A20D9E39CCD646BBB3313624 /* RichLabel.cpp in Sources */ = {isa = PBXBuildFile; fileRef = 544DD9CE35154EE3B6C87339 /* RichLabel.cpp */; };
		A40D33D81C894C20AC21B0A2 /* RadioButton.cpp in Sources */ = {isa = PBXBuildFile; fileRef = C81ACBFA27F1428383172BF8 /* RadioButton.cpp */; };
		A4D71B9D8B714EAB99E780C3 /* GroupBox.cpp in Sources */ = {isa = PBXBuildFile; fileRef = 60B768A48BB24950A88D8715 /* GroupBox.cpp */; };
		A76C34E3424B4EB2ACE3B3DD /* CollapsibleCategory.cpp in Sources */ = {isa = PBXBuildFile; fileRef = 3E1E1E468C5348C5B54BE8C7 /* CollapsibleCategory.cpp */; };
		ADD54A9F958E4E39BD99CD42 /* Resizer.cpp in Sources */ = {isa = PBXBuildFile; fileRef = 732E0DE6CAA440F2864E82A7 /* Resizer.cpp */; };
		AF566E6DCEE640368C9204C7 /* ListBox.cpp in Sources */ = {isa = PBXBuildFile; fileRef = E68218FF99624145A59B0B2B /* ListBox.cpp */; };
		B4B068E43FFF483898A25685 /* TextBoxNumeric.cpp in Sources */ = {isa = PBXBuildFile; fileRef = 5F995CF8F6684CE995974FC7 /* TextBoxNumeric.cpp */; };
		B4FA00CF84BC4330B98F1C49 /* FolderOpen.cpp in Sources */ = {isa = PBXBuildFile; fileRef = EDDCB7B0D5AB48589A874274 /* FolderOpen.cpp */; };
		B8129105D8D545CE9E061ED4 /* InputHandler.cpp in Sources */ = {isa = PBXBuildFile; fileRef = 257359D9E1864E50B06B1A54 /* InputHandler.cpp */; };
		BC2B38947A3C49AC84A33210 /* Rectangle.cpp in Sources */ = {isa = PBXBuildFile; fileRef = F4D9BF037F9D4A429304E5DA /* Rectangle.cpp */; };
		BC36A4900FBD4491B3C03644 /* TreeControl.cpp in Sources */ = {isa = PBXBuildFile; fileRef = D3E84B9AC1F044DBBACB0829 /* TreeControl.cpp */; };
		BC765DECA0A54D05AA59A87D /* ComboBox.cpp in Sources */ = {isa = PBXBuildFile; fileRef = D836DCED83964872939CF7BF /* ComboBox.cpp */; };
		BE71C1FB97304F418A960A5A /* DockedTabControl.cpp in Sources */ = {isa = PBXBuildFile; fileRef = D6AAFBAE8C634243868AD8B4 /* DockedTabControl.cpp */; };
		C5C80075243B4BB9A6C4D36E /* ImagePanel.cpp in Sources */ = {isa = PBXBuildFile; fileRef = 844E50456B5C4D63B1CB6FA6 /* ImagePanel.cpp */; };
		C7C29B3ABFA448228990B1C7 /* TextBox.cpp in Sources */ = {isa = PBXBuildFile; fileRef = 2CDF31AF21954F51917D810C /* TextBox.cpp */; };
		C95EE3D397634938B2427849 /* ScrollBarBar.cpp in Sources */ = {isa = PBXBuildFile; fileRef = 9279C54FA14A40D2ADCA2F1E /* ScrollBarBar.cpp */; };
		CA33757C4B8546F2B6F1860D /* TabControl.cpp in Sources */ = {isa = PBXBuildFile; fileRef = D481FC0F964A42749D7C2689 /* TabControl.cpp */; };
		CDE11BDB701B459F93ED1F55 /* CrossPlatform.cpp in Sources */ = {isa = PBXBuildFile; fileRef = 0FD3D1D13ECE482388BD9008 /* CrossPlatform.cpp */; };
		CEEAE6B7657C41EA8469EA25 /* TreeNode.cpp in Sources */ = {isa = PBXBuildFile; fileRef = 174211791BC449B89CC1F6D6 /* TreeNode.cpp */; };
		D2C02C28EF95402F9A002D7A /* SplitterBar.cpp in Sources */ = {isa = PBXBuildFile; fileRef = E529C3FBF6254C1595F6F8DE /* SplitterBar.cpp */; };
		D532234B872F44EA8A95E50E /* WindowCanvas.cpp in Sources */ = {isa = PBXBuildFile; fileRef = 48FE80C8DD8D4CBE864DF3E5 /* WindowCanvas.cpp */; };
		D71478E9007E411C97216473 /* CrossSplitter.cpp in Sources */ = {isa = PBXBuildFile; fileRef = 0C236AF7D51841F5A79B101D /* CrossSplitter.cpp */; };
		DB29F10B8A9142E5863A4BFE /* HorizontalSlider.cpp in Sources */ = {isa = PBXBuildFile; fileRef = 6CC54052A7854010B893E53A /* HorizontalSlider.cpp */; };
		DFC836DAA95449B1944280CD /* SDL2.cpp in Sources */ = {isa = PBXBuildFile; fileRef = 95DDB182D2924EC18B3CCB7E /* SDL2.cpp */; };
		EEF37581153840FFA3F7D0B8 /* ToolTip.cpp in Sources */ = {isa = PBXBuildFile; fileRef = 8EABBA5C6A6A4E8F82A0F18E /* ToolTip.cpp */; };
		F2C0EC228C184C95898AE64C /* PropertyTree.cpp in Sources */ = {isa = PBXBuildFile; fileRef = B398B0ECB144447681319190 /* PropertyTree.cpp */; };
		F5359A54FCA54BC5A6EAF962 /* ScrollBarButton.cpp in Sources */ = {isa = PBXBuildFile; fileRef = DBA375C7CC28453DAD8D7C11 /* ScrollBarButton.cpp */; };
		FB3016ECA44B4D3C986624A7 /* Events.cpp in Sources */ = {isa = PBXBuildFile; fileRef = 4E0051BFC8E248559A4927B4 /* Events.cpp */; };
/* End PBXBuildFile section */

/* Begin PBXContainerItemProxy section */
		419732E5DAE1422AB86DAA15 /* PBXContainerItemProxy */ = {
			isa = PBXContainerItemProxy;
			containerPortal = C59CE1CDF5B94FF385A23B02 /* Project object */;
			proxyType = 1;
			remoteGlobalIDString = 09A61493D9094E6E97086883;
			remoteInfo = GworkSDL2;
		};
/* End PBXContainerItemProxy section */

/* Begin PBXFileReference section */
		01415769F15F420D8A240E86 /* PlatformCommon.cpp */ = {isa = PBXFileReference; explicitFileType = sourcecode.cpp.cpp; fileEncoding = 4; name = PlatformCommon.cpp; path = source/platform/platforms/PlatformCommon.cpp; sourceTree = SOURCE_ROOT; };
		01BAC89E11DE4783994EA924 /* Checkbox.h */ = {isa = PBXFileReference; explicitFileType = sourcecode.c.h; fileEncoding = 4; name = Checkbox.h; path = source/gwork/include/Gwork/Controls/Property/Checkbox.h; sourceTree = SOURCE_ROOT; };
		04855DE7AD174BA9B70D6A8A /* Utility.cpp */ = {isa = PBXFileReference; explicitFileType = sourcecode.cpp.cpp; fileEncoding = 4; name = Utility.cpp; path = source/platform/platforms/Utility.cpp; sourceTree = SOURCE_ROOT; };
		06F91BC5B0D6484DB011659A /* MenuStrip.h */ = {isa = PBXFileReference; explicitFileType = sourcecode.c.h; fileEncoding = 4; name = MenuStrip.h; path = source/gwork/include/Gwork/Controls/MenuStrip.h; sourceTree = SOURCE_ROOT; };
		08E737C7920147B19D35B1AE /* PropertyTree.h */ = {isa = PBXFileReference; explicitFileType = sourcecode.c.h; fileEncoding = 4; name = PropertyTree.h; path = source/gwork/include/Gwork/Controls/PropertyTree.h; sourceTree = SOURCE_ROOT; };
		08FBCDF394F04195825E1D04 /* Folder.h */ = {isa = PBXFileReference; explicitFileType = sourcecode.c.h; fileEncoding = 4; name = Folder.h; path = source/gwork/include/Gwork/Controls/Property/Folder.h; sourceTree = SOURCE_ROOT; };
		0C236AF7D51841F5A79B101D /* CrossSplitter.cpp */ = {isa = PBXFileReference; explicitFileType = sourcecode.cpp.cpp; fileEncoding = 4; name = CrossSplitter.cpp; path = source/gwork/source/Controls/CrossSplitter.cpp; sourceTree = SOURCE_ROOT; };
		0CDE340ED8024BD6AF7EA756 /* LabelClickable.h */ = {isa = PBXFileReference; explicitFileType = sourcecode.c.h; fileEncoding = 4; name = LabelClickable.h; path = source/gwork/include/Gwork/Controls/LabelClickable.h; sourceTree = SOURCE_ROOT; };
		0DC81F85D6C84474BC1D77C6 /* Position.h */ = {isa = PBXFileReference; explicitFileType = sourcecode.c.h; fileEncoding = 4; name = Position.h; path = source/gwork/include/Gwork/Controls/Layout/Position.h; sourceTree = SOURCE_ROOT; };
		0EF15D8F5EEC449E8517D2A2 /* GroupBox.h */ = {isa = PBXFileReference; explicitFileType = sourcecode.c.h; fileEncoding = 4; name = GroupBox.h; path = source/gwork/include/Gwork/Controls/GroupBox.h; sourceTree = SOURCE_ROOT; };
		0FBD30066CC84F83811238D4 /* CMakeLists.txt */ = {isa = PBXFileReference; explicitFileType = sourcecode.text; fileEncoding = 4; lastKnownFileType = text; name = CMakeLists.txt; path = docs/CMakeLists.txt; sourceTree = SOURCE_ROOT; };
		0FD3D1D13ECE482388BD9008 /* CrossPlatform.cpp */ = {isa = PBXFileReference; explicitFileType = sourcecode.cpp.cpp; fileEncoding = 4; name = CrossPlatform.cpp; path = source/platform/platforms/CrossPlatform.cpp; sourceTree = SOURCE_ROOT; };
		12C0AE9B62324036A38343A3 /* LabelClickable.cpp */ = {isa = PBXFileReference; explicitFileType = sourcecode.cpp.cpp; fileEncoding = 4; name = LabelClickable.cpp; path = source/gwork/source/Controls/LabelClickable.cpp; sourceTree = SOURCE_ROOT; };
		13CE582D31A2442788D0E75B /* Label.cpp */ = {isa = PBXFileReference; explicitFileType = sourcecode.cpp.cpp; fileEncoding = 4; name = Label.cpp; path = source/gwork/source/Controls/Label.cpp; sourceTree = SOURCE_ROOT; };
		14431F5A417549C19BFA7BAA /* Gwork.h */ = {isa = PBXFileReference; explicitFileType = sourcecode.c.h; fileEncoding = 4; name = Gwork.h; path = source/gwork/include/Gwork/Gwork.h; sourceTree = SOURCE_ROOT; };
		174211791BC449B89CC1F6D6 /* TreeNode.cpp */ = {isa = PBXFileReference; explicitFileType = sourcecode.cpp.cpp; fileEncoding = 4; name = TreeNode.cpp; path = source/gwork/source/Controls/TreeNode.cpp; sourceTree = SOURCE_ROOT; };
		175DF05C71974209B65E0DD7 /* ScrollControl.cpp */ = {isa = PBXFileReference; explicitFileType = sourcecode.cpp.cpp; fileEncoding = 4; name = ScrollControl.cpp; path = source/gwork/source/Controls/ScrollControl.cpp; sourceTree = SOURCE_ROOT; };
		1BDC184E9AE24017B569372E /* ControlList.h */ = {isa = PBXFileReference; explicitFileType = sourcecode.c.h; fileEncoding = 4; name = ControlList.h; path = source/gwork/include/Gwork/ControlList.h; sourceTree = SOURCE_ROOT; };
		1D7EF59932E641C0A806C58A /* WindowControl.h */ = {isa = PBXFileReference; explicitFileType = sourcecode.c.h; fileEncoding = 4; name = WindowControl.h; path = source/gwork/include/Gwork/Controls/WindowControl.h; sourceTree = SOURCE_ROOT; };
		1FE025BA359A4168A4B1675B /* PageControl.h */ = {isa = PBXFileReference; explicitFileType = sourcecode.c.h; fileEncoding = 4; name = PageControl.h; path = source/gwork/include/Gwork/Controls/PageControl.h; sourceTree = SOURCE_ROOT; };
		21927E1DF9E148B0B48123ED /* Events.h */ = {isa = PBXFileReference; explicitFileType = sourcecode.c.h; fileEncoding = 4; name = Events.h; path = source/gwork/include/Gwork/Events.h; sourceTree = SOURCE_ROOT; };
		24A15EC89895432A9493DC1E /* Text.h */ = {isa = PBXFileReference; explicitFileType = sourcecode.c.h; fileEncoding = 4; name = Text.h; path = source/gwork/include/Gwork/Controls/Text.h; sourceTree = SOURCE_ROOT; };
		257359D9E1864E50B06B1A54 /* InputHandler.cpp */ = {isa = PBXFileReference; explicitFileType = sourcecode.cpp.cpp; fileEncoding = 4; name = InputHandler.cpp; path = source/gwork/source/InputHandler.cpp; sourceTree = SOURCE_ROOT; };
		26D75DF9D54F49998253DB49 /* Query.cpp */ = {isa = PBXFileReference; explicitFileType = sourcecode.cpp.cpp; fileEncoding = 4; name = Query.cpp; path = source/gwork/source/Controls/Dialog/Query.cpp; sourceTree = SOURCE_ROOT; };
		28D4657563D84E56B1907ABE /* Hook.h */ = {isa = PBXFileReference; explicitFileType = sourcecode.c.h; fileEncoding = 4; name = Hook.h; path = source/gwork/include/Gwork/Hook.h; sourceTree = SOURCE_ROOT; };
		2931C1961DB34CEEB95DCE78 /* CrossSplitter.h */ = {isa = PBXFileReference; explicitFileType = sourcecode.c.h; fileEncoding = 4; name = CrossSplitter.h; path = source/gwork/include/Gwork/Controls/CrossSplitter.h; sourceTree = SOURCE_ROOT; };
		2A76B547C49341538FABF34B /* Properties.h */ = {isa = PBXFileReference; explicitFileType = sourcecode.c.h; fileEncoding = 4; name = Properties.h; path = source/gwork/include/Gwork/Controls/Properties.h; sourceTree = SOURCE_ROOT; };
		2B4D84797C024175BC376FBA /* StatusBar.h */ = {isa = PBXFileReference; explicitFileType = sourcecode.c.h; fileEncoding = 4; name = StatusBar.h; path = source/gwork/include/Gwork/Controls/StatusBar.h; sourceTree = SOURCE_ROOT; };
		2C258A3789BB466CB89EBAF2 /* FolderPicker.h */ = {isa = PBXFileReference; explicitFileType = sourcecode.c.h; fileEncoding = 4; name = FolderPicker.h; path = source/gwork/include/Gwork/Controls/FolderPicker.h; sourceTree = SOURCE_ROOT; };
		2CDF31AF21954F51917D810C /* TextBox.cpp */ = {isa = PBXFileReference; explicitFileType = sourcecode.cpp.cpp; fileEncoding = 4; name = TextBox.cpp; path = source/gwork/source/Controls/TextBox.cpp; sourceTree = SOURCE_ROOT; };
		2ECB79F757F146158ECEB04D /* FileSave.h */ = {isa = PBXFileReference; explicitFileType = sourcecode.c.h; fileEncoding = 4; name = FileSave.h; path = source/gwork/include/Gwork/Controls/Dialogs/FileSave.h; sourceTree = SOURCE_ROOT; };
		3368CE36DC0E4995BC8FF691 /* TabButton.h */ = {isa = PBXFileReference; explicitFileType = sourcecode.c.h; fileEncoding = 4; name = TabButton.h; path = source/gwork/include/Gwork/Controls/TabButton.h; sourceTree = SOURCE_ROOT; };
		352DEA9AF5C64631AB209905 /* ScrollBar.cpp */ = {isa = PBXFileReference; explicitFileType = sourcecode.cpp.cpp; fileEncoding = 4; name = ScrollBar.cpp; path = source/gwork/source/Controls/ScrollBar.cpp; sourceTree = SOURCE_ROOT; };
		3995234B8F614E04AA0964BD /* Dragger.cpp */ = {isa = PBXFileReference; explicitFileType = sourcecode.cpp.cpp; fileEncoding = 4; name = Dragger.cpp; path = source/gwork/source/Controls/Dragger.cpp; sourceTree = SOURCE_ROOT; };
		3ADDD1AF22C1431298D3D00B /* ComboBox.h */ = {isa = PBXFileReference; explicitFileType = sourcecode.c.h; fileEncoding = 4; name = ComboBox.h; path = source/gwork/include/Gwork/Controls/ComboBox.h; sourceTree = SOURCE_ROOT; };
		3B89208302584E0EA03C7C51 /* Base.cpp */ = {isa = PBXFileReference; explicitFileType = sourcecode.cpp.cpp; fileEncoding = 4; name = Base.cpp; path = source/gwork/source/Controls/Base.cpp; sourceTree = SOURCE_ROOT; };
		3DCD2C0451F44C2EA9530936 /* Gwork.cpp */ = {isa = PBXFileReference; explicitFileType = sourcecode.cpp.cpp; fileEncoding = 4; name = Gwork.cpp; path = source/gwork/source/Gwork.cpp; sourceTree = SOURCE_ROOT; };
		3E1E1E468C5348C5B54BE8C7 /* CollapsibleCategory.cpp */ = {isa = PBXFileReference; explicitFileType = sourcecode.cpp.cpp; fileEncoding = 4; name = CollapsibleCategory.cpp; path = source/gwork/source/Controls/CollapsibleCategory.cpp; sourceTree = SOURCE_ROOT; };
		3F9351214BEF48D2BD357CA4 /* SDL2.h */ = {isa = PBXFileReference; explicitFileType = sourcecode.c.h; fileEncoding = 4; name = SDL2.h; path = source/platform/include/Gwork/Input/SDL2.h; sourceTree = SOURCE_ROOT; };
		406EE891F9394325B16BABA2 /* CheckBox.h */ = {isa = PBXFileReference; explicitFileType = sourcecode.c.h; fileEncoding = 4; name = CheckBox.h; path = source/gwork/include/Gwork/Controls/CheckBox.h; sourceTree = SOURCE_ROOT; };
		4184E4C813A74CB2BBF70E29 /* FileOpen.cpp */ = {isa = PBXFileReference; explicitFileType = sourcecode.cpp.cpp; fileEncoding = 4; name = FileOpen.cpp; path = source/gwork/source/Controls/Dialog/FileOpen.cpp; sourceTree = SOURCE_ROOT; };
		41B0FA1464DE4643A02C49F6 /* ToolTip.h */ = {isa = PBXFileReference; explicitFileType = sourcecode.c.h; fileEncoding = 4; name = ToolTip.h; path = source/gwork/include/Gwork/ToolTip.h; sourceTree = SOURCE_ROOT; };
		43809DCB7BC443EF8547998A /* Base.h */ = {isa = PBXFileReference; explicitFileType = sourcecode.c.h; fileEncoding = 4; name = Base.h; path = source/gwork/include/Gwork/Controls/Base.h; sourceTree = SOURCE_ROOT; };
		46D78F87C88A4B43A18EE41B /* CMakeLists.txt */ = {isa = PBXFileReference; explicitFileType = sourcecode.text; fileEncoding = 4; lastKnownFileType = text; name = CMakeLists.txt; path = source/gwork/CMakeLists.txt; sourceTree = SOURCE_ROOT; };
		477F894750C54F69B8A2231D /* ProgressBar.cpp */ = {isa = PBXFileReference; explicitFileType = sourcecode.cpp.cpp; fileEncoding = 4; name = ProgressBar.cpp; path = source/gwork/source/Controls/ProgressBar.cpp; sourceTree = SOURCE_ROOT; };
		48FE80C8DD8D4CBE864DF3E5 /* WindowCanvas.cpp */ = {isa = PBXFileReference; explicitFileType = sourcecode.cpp.cpp; fileEncoding = 4; name = WindowCanvas.cpp; path = source/gwork/source/Controls/WindowCanvas.cpp; sourceTree = SOURCE_ROOT; };
		494EA4FF86F5472CA4940C43 /* libGworkSDL2.a */ = {isa = PBXFileReference; explicitFileType = archive.ar; path = libGworkSDL2.a; sourceTree = BUILT_PRODUCTS_DIR; };
		4AD3848CD3164BF881888C4A /* ColorSelector.h */ = {isa = PBXFileReference; explicitFileType = sourcecode.c.h; fileEncoding = 4; name = ColorSelector.h; path = source/gwork/include/Gwork/Controls/Property/ColorSelector.h; sourceTree = SOURCE_ROOT; };
		4CE29F884B294649ACF0E016 /* Modal.h */ = {isa = PBXFileReference; explicitFileType = sourcecode.c.h; fileEncoding = 4; name = Modal.h; path = source/gwork/include/Gwork/Controls/Modal.h; sourceTree = SOURCE_ROOT; };
		4E0051BFC8E248559A4927B4 /* Events.cpp */ = {isa = PBXFileReference; explicitFileType = sourcecode.cpp.cpp; fileEncoding = 4; name = Events.cpp; path = source/gwork/source/Events.cpp; sourceTree = SOURCE_ROOT; };
		4EA9437DE39547FCB12C494B /* BaseRender.cpp */ = {isa = PBXFileReference; explicitFileType = sourcecode.cpp.cpp; fileEncoding = 4; name = BaseRender.cpp; path = source/gwork/source/BaseRender.cpp; sourceTree = SOURCE_ROOT; };
		500372C310C44688965D46A5 /* Menu.h */ = {isa = PBXFileReference; explicitFileType = sourcecode.c.h; fileEncoding = 4; name = Menu.h; path = source/gwork/include/Gwork/Controls/Menu.h; sourceTree = SOURCE_ROOT; };
		505E074642C1471FB0EA6834 /* ControlList.cpp */ = {isa = PBXFileReference; explicitFileType = sourcecode.cpp.cpp; fileEncoding = 4; name = ControlList.cpp; path = source/gwork/source/ControlList.cpp; sourceTree = SOURCE_ROOT; };
		50C223174E5C496C85C4A210 /* HorizontalScrollBar.cpp */ = {isa = PBXFileReference; explicitFileType = sourcecode.cpp.cpp; fileEncoding = 4; name = HorizontalScrollBar.cpp; path = source/gwork/source/Controls/HorizontalScrollBar.cpp; sourceTree = SOURCE_ROOT; };
		5139495C25AA4843B181767F /* Controls.h */ = {isa = PBXFileReference; explicitFileType = sourcecode.c.h; fileEncoding = 4; name = Controls.h; path = source/gwork/include/Gwork/Controls.h; sourceTree = SOURCE_ROOT; };
		52C0357442B144CEAC8CF816 /* VerticalScrollBar.cpp */ = {isa = PBXFileReference; explicitFileType = sourcecode.cpp.cpp; fileEncoding = 4; name = VerticalScrollBar.cpp; path = source/gwork/source/Controls/VerticalScrollBar.cpp; sourceTree = SOURCE_ROOT; };
		544DD9CE35154EE3B6C87339 /* RichLabel.cpp */ = {isa = PBXFileReference; explicitFileType = sourcecode.cpp.cpp; fileEncoding = 4; name = RichLabel.cpp; path = source/gwork/source/Controls/RichLabel.cpp; sourceTree = SOURCE_ROOT; };
		577C8B2E0E5742A38A6028AC /* TabButton.cpp */ = {isa = PBXFileReference; explicitFileType = sourcecode.cpp.cpp; fileEncoding = 4; name = TabButton.cpp; path = source/gwork/source/Controls/TabButton.cpp; sourceTree = SOURCE_ROOT; };
		5A9403F5765241618B923821 /* PlatformTypes.h */ = {isa = PBXFileReference; explicitFileType = sourcecode.c.h; fileEncoding = 4; name = PlatformTypes.h; path = source/platform/include/Gwork/PlatformTypes.h; sourceTree = SOURCE_ROOT; };
		5B2FA45FB6134084A4C1F2CE /* Skin.cpp */ = {isa = PBXFileReference; explicitFileType = sourcecode.cpp.cpp; fileEncoding = 4; name = Skin.cpp; path = source/gwork/source/Skin.cpp; sourceTree = SOURCE_ROOT; };
		5F995CF8F6684CE995974FC7 /* TextBoxNumeric.cpp */ = {isa = PBXFileReference; explicitFileType = sourcecode.cpp.cpp; fileEncoding = 4; name = TextBoxNumeric.cpp; path = source/gwork/source/Controls/TextBoxNumeric.cpp; sourceTree = SOURCE_ROOT; };
		60B768A48BB24950A88D8715 /* GroupBox.cpp */ = {isa = PBXFileReference; explicitFileType = sourcecode.cpp.cpp; fileEncoding = 4; name = GroupBox.cpp; path = source/gwork/source/Controls/GroupBox.cpp; sourceTree = SOURCE_ROOT; };
		61B08F9E85C74798BDAA5459 /* RadioButton.h */ = {isa = PBXFileReference; explicitFileType = sourcecode.c.h; fileEncoding = 4; name = RadioButton.h; path = source/gwork/include/Gwork/Controls/RadioButton.h; sourceTree = SOURCE_ROOT; };
		62C6A3F582D14FFE89C08092 /* Canvas.h */ = {isa = PBXFileReference; explicitFileType = sourcecode.c.h; fileEncoding = 4; name = Canvas.h; path = source/gwork/include/Gwork/Controls/Canvas.h; sourceTree = SOURCE_ROOT; };
		6434CB1CD8254646A15298E8 /* DockBase.h */ = {isa = PBXFileReference; explicitFileType = sourcecode.c.h; fileEncoding = 4; name = DockBase.h; path = source/gwork/include/Gwork/Controls/DockBase.h; sourceTree = SOURCE_ROOT; };
		64E0EB5B3F334FD2AE663714 /* ScrollBarBar.h */ = {isa = PBXFileReference; explicitFileType = sourcecode.c.h; fileEncoding = 4; name = ScrollBarBar.h; path = source/gwork/include/Gwork/Controls/ScrollBarBar.h; sourceTree = SOURCE_ROOT; };
		65A04B537DD740F499BA7B81 /* Platform.h */ = {isa = PBXFileReference; explicitFileType = sourcecode.c.h; fileEncoding = 4; name = Platform.h; path = source/platform/include/Gwork/Platform.h; sourceTree = SOURCE_ROOT; };
		66198444F3534E3E891D7F70 /* Highlight.h */ = {isa = PBXFileReference; explicitFileType = sourcecode.c.h; fileEncoding = 4; name = Highlight.h; path = source/gwork/include/Gwork/Controls/Highlight.h; sourceTree = SOURCE_ROOT; };
		6648AA627F574F4F9EEF98FF /* Properties.cpp */ = {isa = PBXFileReference; explicitFileType = sourcecode.cpp.cpp; fileEncoding = 4; name = Properties.cpp; path = source/gwork/source/Controls/Properties.cpp; sourceTree = SOURCE_ROOT; };
		674D3B3B37394720B910C37E /* CheckBox.cpp */ = {isa = PBXFileReference; explicitFileType = sourcecode.cpp.cpp; fileEncoding = 4; name = CheckBox.cpp; path = source/gwork/source/Controls/CheckBox.cpp; sourceTree = SOURCE_ROOT; };
		68F7B9AE726E475F82069BC2 /* RadioButtonController.h */ = {isa = PBXFileReference; explicitFileType = sourcecode.c.h; fileEncoding = 4; name = RadioButtonController.h; path = source/gwork/include/Gwork/Controls/RadioButtonController.h; sourceTree = SOURCE_ROOT; };
		6AFFACA5F2AC4DF7948B0C76 /* libGwork.a */ = {isa = PBXFileReference; explicitFileType = archive.ar; path = libGwork.a; sourceTree = BUILT_PRODUCTS_DIR; };
		6C3A539FD2554F44A47F81CA /* Resizer.h */ = {isa = PBXFileReference; explicitFileType = sourcecode.c.h; fileEncoding = 4; name = Resizer.h; path = source/gwork/include/Gwork/Controls/Resizer.h; sourceTree = SOURCE_ROOT; };
		6C461899F0514F0493FE2EA2 /* Anim.cpp */ = {isa = PBXFileReference; explicitFileType = sourcecode.cpp.cpp; fileEncoding = 4; name = Anim.cpp; path = source/gwork/source/Anim.cpp; sourceTree = SOURCE_ROOT; };
		6CC54052A7854010B893E53A /* HorizontalSlider.cpp */ = {isa = PBXFileReference; explicitFileType = sourcecode.cpp.cpp; fileEncoding = 4; name = HorizontalSlider.cpp; path = source/gwork/source/Controls/HorizontalSlider.cpp; sourceTree = SOURCE_ROOT; };
		6E2D7A02C50E4C8DA9A89BFA /* ListBox.h */ = {isa = PBXFileReference; explicitFileType = sourcecode.c.h; fileEncoding = 4; name = ListBox.h; path = source/gwork/include/Gwork/Controls/ListBox.h; sourceTree = SOURCE_ROOT; };
		6F31E6B8950D4C4BB16E31F0 /* RadioButtonController.cpp */ = {isa = PBXFileReference; explicitFileType = sourcecode.cpp.cpp; fileEncoding = 4; name = RadioButtonController.cpp; path = source/gwork/source/Controls/RadioButtonController.cpp; sourceTree = SOURCE_ROOT; };
		70F5592C2137459AB84E31E8 /* HSVColorPicker.h */ = {isa = PBXFileReference; explicitFileType = sourcecode.c.h; fileEncoding = 4; name = HSVColorPicker.h; path = source/gwork/include/Gwork/Controls/HSVColorPicker.h; sourceTree = SOURCE_ROOT; };
		72E4024DB62D49CC827468AC /* MenuItem.h */ = {isa = PBXFileReference; explicitFileType = sourcecode.c.h; fileEncoding = 4; name = MenuItem.h; path = source/gwork/include/Gwork/Controls/MenuItem.h; sourceTree = SOURCE_ROOT; };
		732E0DE6CAA440F2864E82A7 /* Resizer.cpp */ = {isa = PBXFileReference; explicitFileType = sourcecode.cpp.cpp; fileEncoding = 4; name = Resizer.cpp; path = source/gwork/source/Controls/Resizer.cpp; sourceTree = SOURCE_ROOT; };
		739C386EAE4D47BC935A366E /* NumericUpDown.h */ = {isa = PBXFileReference; explicitFileType = sourcecode.c.h; fileEncoding = 4; name = NumericUpDown.h; path = source/gwork/include/Gwork/Controls/NumericUpDown.h; sourceTree = SOURCE_ROOT; };
		741BA4A673474017ACCADAFC /* Button.h */ = {isa = PBXFileReference; explicitFileType = sourcecode.c.h; fileEncoding = 4; name = Button.h; path = source/gwork/include/Gwork/Controls/Button.h; sourceTree = SOURCE_ROOT; };
		7793915E74B5410AAF5502F4 /* Slider.cpp */ = {isa = PBXFileReference; explicitFileType = sourcecode.cpp.cpp; fileEncoding = 4; name = Slider.cpp; path = source/gwork/source/Controls/Slider.cpp; sourceTree = SOURCE_ROOT; };
		77973BF74E2846AB98DE2443 /* FolderOpen.h */ = {isa = PBXFileReference; explicitFileType = sourcecode.c.h; fileEncoding = 4; name = FolderOpen.h; path = source/gwork/include/Gwork/Controls/Dialogs/FolderOpen.h; sourceTree = SOURCE_ROOT; };
		7A0DBC03CBEC4125A3B5D2D7 /* FileOpen.h */ = {isa = PBXFileReference; explicitFileType = sourcecode.c.h; fileEncoding = 4; name = FileOpen.h; path = source/gwork/include/Gwork/Controls/Dialogs/FileOpen.h; sourceTree = SOURCE_ROOT; };
		7B3A6D4EB1154B819106C6E4 /* MenuStrip.cpp */ = {isa = PBXFileReference; explicitFileType = sourcecode.cpp.cpp; fileEncoding = 4; name = MenuStrip.cpp; path = source/gwork/source/Controls/MenuStrip.cpp; sourceTree = SOURCE_ROOT; };
		7E06AAD6EDF347B9AF776993 /* HSVColorPicker.cpp */ = {isa = PBXFileReference; explicitFileType = sourcecode.cpp.cpp; fileEncoding = 4; name = HSVColorPicker.cpp; path = source/gwork/source/Controls/HSVColorPicker.cpp; sourceTree = SOURCE_ROOT; };
		80B79A85D42F4A9EABD10A3E /* WindowControl.cpp */ = {isa = PBXFileReference; explicitFileType = sourcecode.cpp.cpp; fileEncoding = 4; name = WindowControl.cpp; path = source/gwork/source/Controls/WindowControl.cpp; sourceTree = SOURCE_ROOT; };
		81388929C43D433FA930543E /* CollapsibleList.h */ = {isa = PBXFileReference; explicitFileType = sourcecode.c.h; fileEncoding = 4; name = CollapsibleList.h; path = source/gwork/include/Gwork/Controls/CollapsibleList.h; sourceTree = SOURCE_ROOT; };
		819AE9A4ECAD4718AA7B3794 /* Canvas.cpp */ = {isa = PBXFileReference; explicitFileType = sourcecode.cpp.cpp; fileEncoding = 4; name = Canvas.cpp; path = source/gwork/source/Controls/Canvas.cpp; sourceTree = SOURCE_ROOT; };
		838E9F4DA162490A8C01D104 /* ProgressBar.h */ = {isa = PBXFileReference; explicitFileType = sourcecode.c.h; fileEncoding = 4; name = ProgressBar.h; path = source/gwork/include/Gwork/Controls/ProgressBar.h; sourceTree = SOURCE_ROOT; };
		844E50456B5C4D63B1CB6FA6 /* ImagePanel.cpp */ = {isa = PBXFileReference; explicitFileType = sourcecode.cpp.cpp; fileEncoding = 4; name = ImagePanel.cpp; path = source/gwork/source/Controls/ImagePanel.cpp; sourceTree = SOURCE_ROOT; };
		87EE8EFB6ADD48B884D3FC1A /* InputHandler.h */ = {isa = PBXFileReference; explicitFileType = sourcecode.c.h; fileEncoding = 4; name = InputHandler.h; path = source/gwork/include/Gwork/InputHandler.h; sourceTree = SOURCE_ROOT; };
		887DD487F39C4BD5A01B0026 /* MenuItem.cpp */ = {isa = PBXFileReference; explicitFileType = sourcecode.cpp.cpp; fileEncoding = 4; name = MenuItem.cpp; path = source/gwork/source/Controls/MenuItem.cpp; sourceTree = SOURCE_ROOT; };
		89B14C64798546E3BD32A80C /* Dragger.h */ = {isa = PBXFileReference; explicitFileType = sourcecode.c.h; fileEncoding = 4; name = Dragger.h; path = source/gwork/include/Gwork/Controls/Dragger.h; sourceTree = SOURCE_ROOT; };
		89EC1FAA00504361BCFBC41E /* RichLabel.h */ = {isa = PBXFileReference; explicitFileType = sourcecode.c.h; fileEncoding = 4; name = RichLabel.h; path = source/gwork/include/Gwork/Controls/RichLabel.h; sourceTree = SOURCE_ROOT; };
		89EE6B03122947FEBBC07FC4 /* CMakeLists.txt */ = {isa = PBXFileReference; explicitFileType = sourcecode.text; fileEncoding = 4; lastKnownFileType = text; name = CMakeLists.txt; path = source/platform/CMakeLists.txt; sourceTree = SOURCE_ROOT; };
		8C0E0479F9324DB09A7657A1 /* Label.h */ = {isa = PBXFileReference; explicitFileType = sourcecode.c.h; fileEncoding = 4; name = Label.h; path = source/gwork/include/Gwork/Controls/Label.h; sourceTree = SOURCE_ROOT; };
		8CF32AA297A4458C84775520 /* WindowButtons.h */ = {isa = PBXFileReference; explicitFileType = sourcecode.c.h; fileEncoding = 4; name = WindowButtons.h; path = source/gwork/include/Gwork/Controls/WindowButtons.h; sourceTree = SOURCE_ROOT; };
		8EABBA5C6A6A4E8F82A0F18E /* ToolTip.cpp */ = {isa = PBXFileReference; explicitFileType = sourcecode.cpp.cpp; fileEncoding = 4; name = ToolTip.cpp; path = source/gwork/source/ToolTip.cpp; sourceTree = SOURCE_ROOT; };
		8EC35F7889784D599246FA54 /* Utility.h */ = {isa = PBXFileReference; explicitFileType = sourcecode.c.h; fileEncoding = 4; name = Utility.h; path = source/platform/include/Gwork/Utility.h; sourceTree = SOURCE_ROOT; };
		923EF944F9E34DA68D02B251 /* TreeControl.h */ = {isa = PBXFileReference; explicitFileType = sourcecode.c.h; fileEncoding = 4; name = TreeControl.h; path = source/gwork/include/Gwork/Controls/TreeControl.h; sourceTree = SOURCE_ROOT; };
		927169BAA4654F4DB28585AB /* VerticalSlider.cpp */ = {isa = PBXFileReference; explicitFileType = sourcecode.cpp.cpp; fileEncoding = 4; name = VerticalSlider.cpp; path = source/gwork/source/Controls/VerticalSlider.cpp; sourceTree = SOURCE_ROOT; };
		9279C54FA14A40D2ADCA2F1E /* ScrollBarBar.cpp */ = {isa = PBXFileReference; explicitFileType = sourcecode.cpp.cpp; fileEncoding = 4; name = ScrollBarBar.cpp; path = source/gwork/source/Controls/ScrollBarBar.cpp; sourceTree = SOURCE_ROOT; };
		92C422D75DDA447B9FB459C7 /* Align.h */ = {isa = PBXFileReference; explicitFileType = sourcecode.c.h; fileEncoding = 4; name = Align.h; path = source/gwork/include/Gwork/Align.h; sourceTree = SOURCE_ROOT; };
		93349D6361C04AAFB72C6575 /* CollapsibleCategory.h */ = {isa = PBXFileReference; explicitFileType = sourcecode.c.h; fileEncoding = 4; name = CollapsibleCategory.h; path = source/gwork/include/Gwork/Controls/CollapsibleCategory.h; sourceTree = SOURCE_ROOT; };
		940CDD661B744778823C1BA3 /* Table.h */ = {isa = PBXFileReference; explicitFileType = sourcecode.c.h; fileEncoding = 4; name = Table.h; path = source/gwork/include/Gwork/Controls/Layout/Table.h; sourceTree = SOURCE_ROOT; };
		95DDB182D2924EC18B3CCB7E /* SDL2.cpp */ = {isa = PBXFileReference; explicitFileType = sourcecode.cpp.cpp; fileEncoding = 4; name = SDL2.cpp; path = source/platform/renderers/SDL2/SDL2.cpp; sourceTree = SOURCE_ROOT; };
		96EB0F441577449D9084422E /* Rectangle.h */ = {isa = PBXFileReference; explicitFileType = sourcecode.c.h; fileEncoding = 4; name = Rectangle.h; path = source/gwork/include/Gwork/Controls/Rectangle.h; sourceTree = SOURCE_ROOT; };
		98EE086954274DE0BDBB1762 /* TabStrip.cpp */ = {isa = PBXFileReference; explicitFileType = sourcecode.cpp.cpp; fileEncoding = 4; name = TabStrip.cpp; path = source/gwork/source/Controls/TabStrip.cpp; sourceTree = SOURCE_ROOT; };
		99BAD20792C94414AC6424E8 /* Splitters.h */ = {isa = PBXFileReference; explicitFileType = sourcecode.c.h; fileEncoding = 4; name = Splitters.h; path = source/gwork/include/Gwork/Controls/Splitters.h; sourceTree = SOURCE_ROOT; };
		9A60907F4538493CA34D33A0 /* UiTypes.h */ = {isa = PBXFileReference; explicitFileType = sourcecode.c.h; fileEncoding = 4; name = UiTypes.h; path = source/gwork/include/Gwork/UiTypes.h; sourceTree = SOURCE_ROOT; };
		9BAE0E5E41894791BB4AA92C /* Text.h */ = {isa = PBXFileReference; explicitFileType = sourcecode.c.h; fileEncoding = 4; name = Text.h; path = source/gwork/include/Gwork/Controls/Property/Text.h; sourceTree = SOURCE_ROOT; };
		9DB17E634AAB4F5895E6E6B8 /* CMakeLists.txt */ = {isa = PBXFileReference; explicitFileType = sourcecode.text; fileEncoding = 4; lastKnownFileType = text; path = CMakeLists.txt; sourceTree = SOURCE_ROOT; };
		A1C9861722E44443B6C99142 /* FilePicker.h */ = {isa = PBXFileReference; explicitFileType = sourcecode.c.h; fileEncoding = 4; name = FilePicker.h; path = source/gwork/include/Gwork/Controls/FilePicker.h; sourceTree = SOURCE_ROOT; };
		A4B7C3B530F34C389735AA71 /* TabStrip.h */ = {isa = PBXFileReference; explicitFileType = sourcecode.c.h; fileEncoding = 4; name = TabStrip.h; path = source/gwork/include/Gwork/Controls/TabStrip.h; sourceTree = SOURCE_ROOT; };
		A4E1270F1CE24CB8A772B832 /* DockedTabControl.h */ = {isa = PBXFileReference; explicitFileType = sourcecode.c.h; fileEncoding = 4; name = DockedTabControl.h; path = source/gwork/include/Gwork/Controls/DockedTabControl.h; sourceTree = SOURCE_ROOT; };
		A6B4AF44B15649269D71279D /* FieldLabel.h */ = {isa = PBXFileReference; explicitFileType = sourcecode.c.h; fileEncoding = 4; name = FieldLabel.h; path = source/gwork/include/Gwork/Controls/FieldLabel.h; sourceTree = SOURCE_ROOT; };
		A78C30B72E9F41888E42FF61 /* Simple.h */ = {isa = PBXFileReference; explicitFileType = sourcecode.c.h; fileEncoding = 4; name = Simple.h; path = source/gwork/include/Gwork/Skins/Simple.h; sourceTree = SOURCE_ROOT; };
		AA480177A3114053821D4BDB /* ScrollBarButton.h */ = {isa = PBXFileReference; explicitFileType = sourcecode.c.h; fileEncoding = 4; name = ScrollBarButton.h; path = source/gwork/include/Gwork/Controls/ScrollBarButton.h; sourceTree = SOURCE_ROOT; };
		AD265E44777141779ABB0C4D /* TextBox.h */ = {isa = PBXFileReference; explicitFileType = sourcecode.c.h; fileEncoding = 4; name = TextBox.h; path = source/gwork/include/Gwork/Controls/TextBox.h; sourceTree = SOURCE_ROOT; };
		AD2EA3722FB5480F88B6FA18 /* FileSave.cpp */ = {isa = PBXFileReference; explicitFileType = sourcecode.cpp.cpp; fileEncoding = 4; name = FileSave.cpp; path = source/gwork/source/Controls/Dialog/FileSave.cpp; sourceTree = SOURCE_ROOT; };
		AE6CE1BBA6B6463ABFEEDEF3 /* PlatformCommon.h */ = {isa = PBXFileReference; explicitFileType = sourcecode.c.h; fileEncoding = 4; name = PlatformCommon.h; path = source/platform/include/Gwork/PlatformCommon.h; sourceTree = SOURCE_ROOT; };
		AFBE543134CD4C1DBDB09141 /* ScrollControl.h */ = {isa = PBXFileReference; explicitFileType = sourcecode.c.h; fileEncoding = 4; name = ScrollControl.h; path = source/gwork/include/Gwork/Controls/ScrollControl.h; sourceTree = SOURCE_ROOT; };
		B0845993C55B4440A2705500 /* Tile.h */ = {isa = PBXFileReference; explicitFileType = sourcecode.c.h; fileEncoding = 4; name = Tile.h; path = source/gwork/include/Gwork/Controls/Layout/Tile.h; sourceTree = SOURCE_ROOT; };
		B366A9B9FA4A4F98A800C5CE /* TabTitleBar.h */ = {isa = PBXFileReference; explicitFileType = sourcecode.c.h; fileEncoding = 4; name = TabTitleBar.h; path = source/gwork/include/Gwork/Controls/TabTitleBar.h; sourceTree = SOURCE_ROOT; };
		B39771FEEB7F4951A5D05670 /* InputEventListener.h */ = {isa = PBXFileReference; explicitFileType = sourcecode.c.h; fileEncoding = 4; name = InputEventListener.h; path = source/platform/include/Gwork/InputEventListener.h; sourceTree = SOURCE_ROOT; };
		B398B0ECB144447681319190 /* PropertyTree.cpp */ = {isa = PBXFileReference; explicitFileType = sourcecode.cpp.cpp; fileEncoding = 4; name = PropertyTree.cpp; path = source/gwork/source/Controls/PropertyTree.cpp; sourceTree = SOURCE_ROOT; };
		B8C8B84110B04EA983D09704 /* DragAndDrop.cpp */ = {isa = PBXFileReference; explicitFileType = sourcecode.cpp.cpp; fileEncoding = 4; name = DragAndDrop.cpp; path = source/gwork/source/DragAndDrop.cpp; sourceTree = SOURCE_ROOT; };
		B996C45831EE4CDD8CB6EAD5 /* DockBase.cpp */ = {isa = PBXFileReference; explicitFileType = sourcecode.cpp.cpp; fileEncoding = 4; name = DockBase.cpp; path = source/gwork/source/Controls/DockBase.cpp; sourceTree = SOURCE_ROOT; };
		BA8CF5CC98AB4C69AD42064F /* ColorControls.h */ = {isa = PBXFileReference; explicitFileType = sourcecode.c.h; fileEncoding = 4; name = ColorControls.h; path = source/gwork/include/Gwork/Controls/ColorControls.h; sourceTree = SOURCE_ROOT; };
		BB7A0D4A7ECA457C9C9A3BC2 /* BaseRender.h */ = {isa = PBXFileReference; explicitFileType = sourcecode.c.h; fileEncoding = 4; name = BaseRender.h; path = source/platform/include/Gwork/BaseRender.h; sourceTree = SOURCE_ROOT; };
		BD5B1550C19E423EA7EDAA08 /* PageControl.cpp */ = {isa = PBXFileReference; explicitFileType = sourcecode.cpp.cpp; fileEncoding = 4; name = PageControl.cpp; path = source/gwork/source/Controls/PageControl.cpp; sourceTree = SOURCE_ROOT; };
		BFA3C1F4025C42B0974AD349 /* Texturing.h */ = {isa = PBXFileReference; explicitFileType = sourcecode.c.h; fileEncoding = 4; name = Texturing.h; path = source/gwork/include/Gwork/Skins/Texturing.h; sourceTree = SOURCE_ROOT; };
		C106F2D5E52943D595F273F3 /* TabControl.h */ = {isa = PBXFileReference; explicitFileType = sourcecode.c.h; fileEncoding = 4; name = TabControl.h; path = source/gwork/include/Gwork/Controls/TabControl.h; sourceTree = SOURCE_ROOT; };
		C1733A42BF094FC3A57EA323 /* Skin.h */ = {isa = PBXFileReference; explicitFileType = sourcecode.c.h; fileEncoding = 4; name = Skin.h; path = source/gwork/include/Gwork/Skin.h; sourceTree = SOURCE_ROOT; };
		C58435A007A34CE4A3C806E3 /* Config.h */ = {isa = PBXFileReference; explicitFileType = sourcecode.c.h; fileEncoding = 4; name = Config.h; path = source/platform/include/Gwork/Config.h; sourceTree = SOURCE_ROOT; };
		C81ACBFA27F1428383172BF8 /* RadioButton.cpp */ = {isa = PBXFileReference; explicitFileType = sourcecode.cpp.cpp; fileEncoding = 4; name = RadioButton.cpp; path = source/gwork/source/Controls/RadioButton.cpp; sourceTree = SOURCE_ROOT; };
		CB143A775F4046B882EF4F3D /* UserData.h */ = {isa = PBXFileReference; explicitFileType = sourcecode.c.h; fileEncoding = 4; name = UserData.h; path = source/gwork/include/Gwork/UserData.h; sourceTree = SOURCE_ROOT; };
		D12CB452719542A8A16947D6 /* ComboBox.h */ = {isa = PBXFileReference; explicitFileType = sourcecode.c.h; fileEncoding = 4; name = ComboBox.h; path = source/gwork/include/Gwork/Controls/Property/ComboBox.h; sourceTree = SOURCE_ROOT; };
		D35F3120A8B4403EBA20A8CF /* NumericUpDown.cpp */ = {isa = PBXFileReference; explicitFileType = sourcecode.cpp.cpp; fileEncoding = 4; name = NumericUpDown.cpp; path = source/gwork/source/Controls/NumericUpDown.cpp; sourceTree = SOURCE_ROOT; };
		D3AE418EE27146799F1BB22D /* DebugBreak.h */ = {isa = PBXFileReference; explicitFileType = sourcecode.c.h; fileEncoding = 4; name = DebugBreak.h; path = source/platform/platforms/DebugBreak.h; sourceTree = SOURCE_ROOT; };
		D3E84B9AC1F044DBBACB0829 /* TreeControl.cpp */ = {isa = PBXFileReference; explicitFileType = sourcecode.cpp.cpp; fileEncoding = 4; name = TreeControl.cpp; path = source/gwork/source/Controls/TreeControl.cpp; sourceTree = SOURCE_ROOT; };
		D481FC0F964A42749D7C2689 /* TabControl.cpp */ = {isa = PBXFileReference; explicitFileType = sourcecode.cpp.cpp; fileEncoding = 4; name = TabControl.cpp; path = source/gwork/source/Controls/TabControl.cpp; sourceTree = SOURCE_ROOT; };
		D4F41235E66E475793F2DD3A /* VerticalScrollBar.h */ = {isa = PBXFileReference; explicitFileType = sourcecode.c.h; fileEncoding = 4; name = VerticalScrollBar.h; path = source/gwork/include/Gwork/Controls/VerticalScrollBar.h; sourceTree = SOURCE_ROOT; };
		D64705BF360B4D3EA29EA459 /* ToolBar.h */ = {isa = PBXFileReference; explicitFileType = sourcecode.c.h; fileEncoding = 4; name = ToolBar.h; path = source/gwork/include/Gwork/Controls/ToolBar.h; sourceTree = SOURCE_ROOT; };
		D6989B5397A9449C898C0825 /* Text.cpp */ = {isa = PBXFileReference; explicitFileType = sourcecode.cpp.cpp; fileEncoding = 4; name = Text.cpp; path = source/gwork/source/Controls/Text.cpp; sourceTree = SOURCE_ROOT; };
		D6AAFBAE8C634243868AD8B4 /* DockedTabControl.cpp */ = {isa = PBXFileReference; explicitFileType = sourcecode.cpp.cpp; fileEncoding = 4; name = DockedTabControl.cpp; path = source/gwork/source/Controls/DockedTabControl.cpp; sourceTree = SOURCE_ROOT; };
		D836DCED83964872939CF7BF /* ComboBox.cpp */ = {isa = PBXFileReference; explicitFileType = sourcecode.cpp.cpp; fileEncoding = 4; name = ComboBox.cpp; path = source/gwork/source/Controls/ComboBox.cpp; sourceTree = SOURCE_ROOT; };
		D94D182743EC4C028D4D1C65 /* TreeNode.h */ = {isa = PBXFileReference; explicitFileType = sourcecode.c.h; fileEncoding = 4; name = TreeNode.h; path = source/gwork/include/Gwork/Controls/TreeNode.h; sourceTree = SOURCE_ROOT; };
		DAB0944E8FA94AB89A59DF7F /* TexturedBase.h */ = {isa = PBXFileReference; explicitFileType = sourcecode.c.h; fileEncoding = 4; name = TexturedBase.h; path = source/gwork/include/Gwork/Skins/TexturedBase.h; sourceTree = SOURCE_ROOT; };
		DAB8834833124DC3BB43E0E2 /* WindowCanvas.h */ = {isa = PBXFileReference; explicitFileType = sourcecode.c.h; fileEncoding = 4; name = WindowCanvas.h; path = source/gwork/include/Gwork/Controls/WindowCanvas.h; sourceTree = SOURCE_ROOT; };
		DBA375C7CC28453DAD8D7C11 /* ScrollBarButton.cpp */ = {isa = PBXFileReference; explicitFileType = sourcecode.cpp.cpp; fileEncoding = 4; name = ScrollBarButton.cpp; path = source/gwork/source/Controls/ScrollBarButton.cpp; sourceTree = SOURCE_ROOT; };
		DC8FC2ACC57348E2BE28421D /* WindowProvider.h */ = {isa = PBXFileReference; explicitFileType = sourcecode.c.h; fileEncoding = 4; name = WindowProvider.h; path = source/platform/include/Gwork/WindowProvider.h; sourceTree = SOURCE_ROOT; };
		DEC444638982453C893CB92A /* Anim.h */ = {isa = PBXFileReference; explicitFileType = sourcecode.c.h; fileEncoding = 4; name = Anim.h; path = source/gwork/include/Gwork/Anim.h; sourceTree = SOURCE_ROOT; };
		DF5E7CDF4E8444728CCEC64E /* ScrollBar.h */ = {isa = PBXFileReference; explicitFileType = sourcecode.c.h; fileEncoding = 4; name = ScrollBar.h; path = source/gwork/include/Gwork/Controls/ScrollBar.h; sourceTree = SOURCE_ROOT; };
		DF69E9872AEF4E8DB8B6A61C /* Query.h */ = {isa = PBXFileReference; explicitFileType = sourcecode.c.h; fileEncoding = 4; name = Query.h; path = source/gwork/include/Gwork/Controls/Dialogs/Query.h; sourceTree = SOURCE_ROOT; };
		E0B5FC7088BE4ABDBD18E7EF /* ColorPicker.h */ = {isa = PBXFileReference; explicitFileType = sourcecode.c.h; fileEncoding = 4; name = ColorPicker.h; path = source/gwork/include/Gwork/Controls/ColorPicker.h; sourceTree = SOURCE_ROOT; };
		E3C6DD78ABF149E48BAB0735 /* Version.h */ = {isa = PBXFileReference; explicitFileType = sourcecode.c.h; fileEncoding = 4; name = Version.h; path = source/platform/include/Gwork/Version.h; sourceTree = SOURCE_ROOT; };
		E529C3FBF6254C1595F6F8DE /* SplitterBar.cpp */ = {isa = PBXFileReference; explicitFileType = sourcecode.cpp.cpp; fileEncoding = 4; name = SplitterBar.cpp; path = source/gwork/source/Controls/SplitterBar.cpp; sourceTree = SOURCE_ROOT; };
		E68218FF99624145A59B0B2B /* ListBox.cpp */ = {isa = PBXFileReference; explicitFileType = sourcecode.cpp.cpp; fileEncoding = 4; name = ListBox.cpp; path = source/gwork/source/Controls/ListBox.cpp; sourceTree = SOURCE_ROOT; };
		E6FA83BB8460439FACFA478B /* SDL2.h */ = {isa = PBXFileReference; explicitFileType = sourcecode.c.h; fileEncoding = 4; name = SDL2.h; path = source/platform/include/Gwork/Renderers/SDL2.h; sourceTree = SOURCE_ROOT; };
		E713FB71285146FF9715DE0A /* SplitterBar.h */ = {isa = PBXFileReference; explicitFileType = sourcecode.c.h; fileEncoding = 4; name = SplitterBar.h; path = source/gwork/include/Gwork/Controls/SplitterBar.h; sourceTree = SOURCE_ROOT; };
		E92531A1B7D9458ABC5D09E5 /* Slider.h */ = {isa = PBXFileReference; explicitFileType = sourcecode.c.h; fileEncoding = 4; name = Slider.h; path = source/gwork/include/Gwork/Controls/Slider.h; sourceTree = SOURCE_ROOT; };
		E9A094711D7C47C98F5B51A2 /* File.h */ = {isa = PBXFileReference; explicitFileType = sourcecode.c.h; fileEncoding = 4; name = File.h; path = source/gwork/include/Gwork/Controls/Property/File.h; sourceTree = SOURCE_ROOT; };
		EB31D7FD44E84B6C916B2F7C /* BaseProperty.h */ = {isa = PBXFileReference; explicitFileType = sourcecode.c.h; fileEncoding = 4; name = BaseProperty.h; path = source/gwork/include/Gwork/Controls/Property/BaseProperty.h; sourceTree = SOURCE_ROOT; };
		EDDCB7B0D5AB48589A874274 /* FolderOpen.cpp */ = {isa = PBXFileReference; explicitFileType = sourcecode.cpp.cpp; fileEncoding = 4; name = FolderOpen.cpp; path = source/gwork/source/Controls/Dialog/FolderOpen.cpp; sourceTree = SOURCE_ROOT; };
		EE227B3877854CEC926FCEE7 /* ColorControls.cpp */ = {isa = PBXFileReference; explicitFileType = sourcecode.cpp.cpp; fileEncoding = 4; name = ColorControls.cpp; path = source/gwork/source/Controls/ColorControls.cpp; sourceTree = SOURCE_ROOT; };
		EFE4B1D734ED498EB4408831 /* VerticalSlider.h */ = {isa = PBXFileReference; explicitFileType = sourcecode.c.h; fileEncoding = 4; name = VerticalSlider.h; path = source/gwork/include/Gwork/Controls/VerticalSlider.h; sourceTree = SOURCE_ROOT; };
		F1DCAB567D2946C9BC35BBC2 /* ResizableControl.cpp */ = {isa = PBXFileReference; explicitFileType = sourcecode.cpp.cpp; fileEncoding = 4; name = ResizableControl.cpp; path = source/gwork/source/Controls/ResizableControl.cpp; sourceTree = SOURCE_ROOT; };
		F42F7785F43342EDBD5AC163 /* Menu.cpp */ = {isa = PBXFileReference; explicitFileType = sourcecode.cpp.cpp; fileEncoding = 4; name = Menu.cpp; path = source/gwork/source/Controls/Menu.cpp; sourceTree = SOURCE_ROOT; };
		F4D9BF037F9D4A429304E5DA /* Rectangle.cpp */ = {isa = PBXFileReference; explicitFileType = sourcecode.cpp.cpp; fileEncoding = 4; name = Rectangle.cpp; path = source/gwork/source/Controls/Rectangle.cpp; sourceTree = SOURCE_ROOT; };
		F5465E360B9F4C4199C90D7F /* ResizableControl.h */ = {isa = PBXFileReference; explicitFileType = sourcecode.c.h; fileEncoding = 4; name = ResizableControl.h; path = source/gwork/include/Gwork/Controls/ResizableControl.h; sourceTree = SOURCE_ROOT; };
		F6BE8E42548846608910590F /* HorizontalSlider.h */ = {isa = PBXFileReference; explicitFileType = sourcecode.c.h; fileEncoding = 4; name = HorizontalSlider.h; path = source/gwork/include/Gwork/Controls/HorizontalSlider.h; sourceTree = SOURCE_ROOT; };
		F77FB1521C9D46018F940E69 /* Hook.cpp */ = {isa = PBXFileReference; explicitFileType = sourcecode.cpp.cpp; fileEncoding = 4; name = Hook.cpp; path = source/gwork/source/Hook.cpp; sourceTree = SOURCE_ROOT; };
		F7C13BEFA6384D6DB26174CF /* ColorPicker.cpp */ = {isa = PBXFileReference; explicitFileType = sourcecode.cpp.cpp; fileEncoding = 4; name = ColorPicker.cpp; path = source/gwork/source/Controls/ColorPicker.cpp; sourceTree = SOURCE_ROOT; };
		F96B28372AD242F1ABAEE8BC /* DragAndDrop.h */ = {isa = PBXFileReference; explicitFileType = sourcecode.c.h; fileEncoding = 4; name = DragAndDrop.h; path = source/gwork/include/Gwork/DragAndDrop.h; sourceTree = SOURCE_ROOT; };
		F9A3504910E0498CB34BCFE2 /* HorizontalScrollBar.h */ = {isa = PBXFileReference; explicitFileType = sourcecode.c.h; fileEncoding = 4; name = HorizontalScrollBar.h; path = source/gwork/include/Gwork/Controls/HorizontalScrollBar.h; sourceTree = SOURCE_ROOT; };
		FA110CF97EED42CAAF35F13D /* ImagePanel.h */ = {isa = PBXFileReference; explicitFileType = sourcecode.c.h; fileEncoding = 4; name = ImagePanel.h; path = source/gwork/include/Gwork/Controls/ImagePanel.h; sourceTree = SOURCE_ROOT; };
		FB1B8F3FDA72453495085E9D /* Button.cpp */ = {isa = PBXFileReference; explicitFileType = sourcecode.cpp.cpp; fileEncoding = 4; name = Button.cpp; path = source/gwork/source/Controls/Button.cpp; sourceTree = SOURCE_ROOT; };
/* End PBXFileReference section */

/* Begin PBXGroup section */
		04A8F43158D34FD1B896C7AD /* ALL_BUILD */ = {
			isa = PBXGroup;
			children = (
				7304921B8AF04177BB979FA4 /* CMake Rules */,
				9DB17E634AAB4F5895E6E6B8 /* CMakeLists.txt */,
			);
			name = ALL_BUILD;
			sourceTree = "<group>";
		};
		13B506512FF04A0792F36A3F /* GworkSDL2 */ = {
			isa = PBXGroup;
			children = (
				2FD5D0806DBA40FFA03F369B /* Headers */,
				F2CEF16DCF8D42DF9AF617C2 /* Source */,
				89EE6B03122947FEBBC07FC4 /* CMakeLists.txt */,
			);
			name = GworkSDL2;
			sourceTree = "<group>";
		};
		2FD5D0806DBA40FFA03F369B /* Headers */ = {
			isa = PBXGroup;
			children = (
				FEC9ACDA55E948C18E6D5800 /* Renderer */,
				574226647E884DB7BBA80ECE /* Input */,
				BB7A0D4A7ECA457C9C9A3BC2 /* BaseRender.h */,
				C58435A007A34CE4A3C806E3 /* Config.h */,
				B39771FEEB7F4951A5D05670 /* InputEventListener.h */,
				65A04B537DD740F499BA7B81 /* Platform.h */,
				AE6CE1BBA6B6463ABFEEDEF3 /* PlatformCommon.h */,
				5A9403F5765241618B923821 /* PlatformTypes.h */,
				8EC35F7889784D599246FA54 /* Utility.h */,
				E3C6DD78ABF149E48BAB0735 /* Version.h */,
				DC8FC2ACC57348E2BE28421D /* WindowProvider.h */,
			);
			name = Headers;
			sourceTree = "<group>";
		};
		3487C12152E8452583EEABC9 = {
			isa = PBXGroup;
			children = (
				04A8F43158D34FD1B896C7AD /* ALL_BUILD */,
				13B506512FF04A0792F36A3F /* GworkSDL2 */,
				3798F797672843BA925464EE /* Gwork */,
				37B56FD874C9470FA20AA380 /* doc */,
				F4F5456A394642488A471634 /* Products */,
			);
			sourceTree = "<group>";
		};
		3798F797672843BA925464EE /* Gwork */ = {
			isa = PBXGroup;
			children = (
				AA4815E39784484A895ED2FD /* Headers */,
				6969450459F247FABEE202D4 /* Source */,
				46D78F87C88A4B43A18EE41B /* CMakeLists.txt */,
			);
			name = Gwork;
			sourceTree = "<group>";
		};
		37B56FD874C9470FA20AA380 /* doc */ = {
			isa = PBXGroup;
			children = (
				EE5F474ADDCD41ADA5D55EBE /* CMake Rules */,
				0FBD30066CC84F83811238D4 /* CMakeLists.txt */,
			);
			name = doc;
			sourceTree = "<group>";
		};
		3D85B2960BEE4BB69E5DB33A /* Layout */ = {
			isa = PBXGroup;
			children = (
				0DC81F85D6C84474BC1D77C6 /* Position.h */,
				940CDD661B744778823C1BA3 /* Table.h */,
				B0845993C55B4440A2705500 /* Tile.h */,
			);
			name = Layout;
			sourceTree = "<group>";
		};
		574226647E884DB7BBA80ECE /* Input */ = {
			isa = PBXGroup;
			children = (
				3F9351214BEF48D2BD357CA4 /* SDL2.h */,
			);
			name = Input;
			sourceTree = "<group>";
		};
		6969450459F247FABEE202D4 /* Source */ = {
			isa = PBXGroup;
			children = (
				8AD4E805EDBF49BB8D774786 /* Controls */,
				6C461899F0514F0493FE2EA2 /* Anim.cpp */,
				4EA9437DE39547FCB12C494B /* BaseRender.cpp */,
				505E074642C1471FB0EA6834 /* ControlList.cpp */,
				B8C8B84110B04EA983D09704 /* DragAndDrop.cpp */,
				4E0051BFC8E248559A4927B4 /* Events.cpp */,
				3DCD2C0451F44C2EA9530936 /* Gwork.cpp */,
				F77FB1521C9D46018F940E69 /* Hook.cpp */,
				257359D9E1864E50B06B1A54 /* InputHandler.cpp */,
				5B2FA45FB6134084A4C1F2CE /* Skin.cpp */,
				8EABBA5C6A6A4E8F82A0F18E /* ToolTip.cpp */,
			);
			name = Source;
			sourceTree = "<group>";
		};
		7304921B8AF04177BB979FA4 /* CMake Rules */ = {
			isa = PBXGroup;
			children = (
			);
			name = "CMake Rules";
			sourceTree = "<group>";
		};
		745C58862BE34D19B0378A1A /* Skins */ = {
			isa = PBXGroup;
			children = (
				A78C30B72E9F41888E42FF61 /* Simple.h */,
				DAB0944E8FA94AB89A59DF7F /* TexturedBase.h */,
				BFA3C1F4025C42B0974AD349 /* Texturing.h */,
			);
			name = Skins;
			sourceTree = "<group>";
		};
		8379FE4E88D348FCB8D2CC27 /* Dialogs */ = {
			isa = PBXGroup;
			children = (
				7A0DBC03CBEC4125A3B5D2D7 /* FileOpen.h */,
				2ECB79F757F146158ECEB04D /* FileSave.h */,
				77973BF74E2846AB98DE2443 /* FolderOpen.h */,
				DF69E9872AEF4E8DB8B6A61C /* Query.h */,
			);
			name = Dialogs;
			sourceTree = "<group>";
		};
		8AD4E805EDBF49BB8D774786 /* Controls */ = {
			isa = PBXGroup;
			children = (
				DED0226452324CF58CAFF38B /* Dialog */,
				3B89208302584E0EA03C7C51 /* Base.cpp */,
				FB1B8F3FDA72453495085E9D /* Button.cpp */,
				819AE9A4ECAD4718AA7B3794 /* Canvas.cpp */,
				674D3B3B37394720B910C37E /* CheckBox.cpp */,
				3E1E1E468C5348C5B54BE8C7 /* CollapsibleCategory.cpp */,
				EE227B3877854CEC926FCEE7 /* ColorControls.cpp */,
				F7C13BEFA6384D6DB26174CF /* ColorPicker.cpp */,
				D836DCED83964872939CF7BF /* ComboBox.cpp */,
				0C236AF7D51841F5A79B101D /* CrossSplitter.cpp */,
				B996C45831EE4CDD8CB6EAD5 /* DockBase.cpp */,
				D6AAFBAE8C634243868AD8B4 /* DockedTabControl.cpp */,
				3995234B8F614E04AA0964BD /* Dragger.cpp */,
				60B768A48BB24950A88D8715 /* GroupBox.cpp */,
				7E06AAD6EDF347B9AF776993 /* HSVColorPicker.cpp */,
				50C223174E5C496C85C4A210 /* HorizontalScrollBar.cpp */,
				6CC54052A7854010B893E53A /* HorizontalSlider.cpp */,
				844E50456B5C4D63B1CB6FA6 /* ImagePanel.cpp */,
				13CE582D31A2442788D0E75B /* Label.cpp */,
				12C0AE9B62324036A38343A3 /* LabelClickable.cpp */,
				E68218FF99624145A59B0B2B /* ListBox.cpp */,
				F42F7785F43342EDBD5AC163 /* Menu.cpp */,
				887DD487F39C4BD5A01B0026 /* MenuItem.cpp */,
				7B3A6D4EB1154B819106C6E4 /* MenuStrip.cpp */,
				D35F3120A8B4403EBA20A8CF /* NumericUpDown.cpp */,
				BD5B1550C19E423EA7EDAA08 /* PageControl.cpp */,
				477F894750C54F69B8A2231D /* ProgressBar.cpp */,
				6648AA627F574F4F9EEF98FF /* Properties.cpp */,
				B398B0ECB144447681319190 /* PropertyTree.cpp */,
				C81ACBFA27F1428383172BF8 /* RadioButton.cpp */,
				6F31E6B8950D4C4BB16E31F0 /* RadioButtonController.cpp */,
				F4D9BF037F9D4A429304E5DA /* Rectangle.cpp */,
				F1DCAB567D2946C9BC35BBC2 /* ResizableControl.cpp */,
				732E0DE6CAA440F2864E82A7 /* Resizer.cpp */,
				544DD9CE35154EE3B6C87339 /* RichLabel.cpp */,
				352DEA9AF5C64631AB209905 /* ScrollBar.cpp */,
				9279C54FA14A40D2ADCA2F1E /* ScrollBarBar.cpp */,
				DBA375C7CC28453DAD8D7C11 /* ScrollBarButton.cpp */,
				175DF05C71974209B65E0DD7 /* ScrollControl.cpp */,
				7793915E74B5410AAF5502F4 /* Slider.cpp */,
				E529C3FBF6254C1595F6F8DE /* SplitterBar.cpp */,
				577C8B2E0E5742A38A6028AC /* TabButton.cpp */,
				D481FC0F964A42749D7C2689 /* TabControl.cpp */,
				98EE086954274DE0BDBB1762 /* TabStrip.cpp */,
				D6989B5397A9449C898C0825 /* Text.cpp */,
				2CDF31AF21954F51917D810C /* TextBox.cpp */,
				5F995CF8F6684CE995974FC7 /* TextBoxNumeric.cpp */,
				D3E84B9AC1F044DBBACB0829 /* TreeControl.cpp */,
				174211791BC449B89CC1F6D6 /* TreeNode.cpp */,
				52C0357442B144CEAC8CF816 /* VerticalScrollBar.cpp */,
				927169BAA4654F4DB28585AB /* VerticalSlider.cpp */,
				48FE80C8DD8D4CBE864DF3E5 /* WindowCanvas.cpp */,
				80B79A85D42F4A9EABD10A3E /* WindowControl.cpp */,
			);
			name = Controls;
			sourceTree = "<group>";
		};
		914E52BF71CA4ED2A8F4DB89 /* Controls */ = {
			isa = PBXGroup;
			children = (
				3D85B2960BEE4BB69E5DB33A /* Layout */,
				98F0EB2DE147498982839B04 /* Property */,
				8379FE4E88D348FCB8D2CC27 /* Dialogs */,
				43809DCB7BC443EF8547998A /* Base.h */,
				741BA4A673474017ACCADAFC /* Button.h */,
				62C6A3F582D14FFE89C08092 /* Canvas.h */,
				406EE891F9394325B16BABA2 /* CheckBox.h */,
				93349D6361C04AAFB72C6575 /* CollapsibleCategory.h */,
				81388929C43D433FA930543E /* CollapsibleList.h */,
				BA8CF5CC98AB4C69AD42064F /* ColorControls.h */,
				E0B5FC7088BE4ABDBD18E7EF /* ColorPicker.h */,
				3ADDD1AF22C1431298D3D00B /* ComboBox.h */,
				2931C1961DB34CEEB95DCE78 /* CrossSplitter.h */,
				6434CB1CD8254646A15298E8 /* DockBase.h */,
				A4E1270F1CE24CB8A772B832 /* DockedTabControl.h */,
				89B14C64798546E3BD32A80C /* Dragger.h */,
				A6B4AF44B15649269D71279D /* FieldLabel.h */,
				A1C9861722E44443B6C99142 /* FilePicker.h */,
				2C258A3789BB466CB89EBAF2 /* FolderPicker.h */,
				0EF15D8F5EEC449E8517D2A2 /* GroupBox.h */,
				70F5592C2137459AB84E31E8 /* HSVColorPicker.h */,
				66198444F3534E3E891D7F70 /* Highlight.h */,
				F9A3504910E0498CB34BCFE2 /* HorizontalScrollBar.h */,
				F6BE8E42548846608910590F /* HorizontalSlider.h */,
				FA110CF97EED42CAAF35F13D /* ImagePanel.h */,
				8C0E0479F9324DB09A7657A1 /* Label.h */,
				0CDE340ED8024BD6AF7EA756 /* LabelClickable.h */,
				6E2D7A02C50E4C8DA9A89BFA /* ListBox.h */,
				500372C310C44688965D46A5 /* Menu.h */,
				72E4024DB62D49CC827468AC /* MenuItem.h */,
				06F91BC5B0D6484DB011659A /* MenuStrip.h */,
				4CE29F884B294649ACF0E016 /* Modal.h */,
				739C386EAE4D47BC935A366E /* NumericUpDown.h */,
				1FE025BA359A4168A4B1675B /* PageControl.h */,
				838E9F4DA162490A8C01D104 /* ProgressBar.h */,
				2A76B547C49341538FABF34B /* Properties.h */,
				08E737C7920147B19D35B1AE /* PropertyTree.h */,
				61B08F9E85C74798BDAA5459 /* RadioButton.h */,
				68F7B9AE726E475F82069BC2 /* RadioButtonController.h */,
				96EB0F441577449D9084422E /* Rectangle.h */,
				F5465E360B9F4C4199C90D7F /* ResizableControl.h */,
				6C3A539FD2554F44A47F81CA /* Resizer.h */,
				89EC1FAA00504361BCFBC41E /* RichLabel.h */,
				DF5E7CDF4E8444728CCEC64E /* ScrollBar.h */,
				64E0EB5B3F334FD2AE663714 /* ScrollBarBar.h */,
				AA480177A3114053821D4BDB /* ScrollBarButton.h */,
				AFBE543134CD4C1DBDB09141 /* ScrollControl.h */,
				E92531A1B7D9458ABC5D09E5 /* Slider.h */,
				E713FB71285146FF9715DE0A /* SplitterBar.h */,
				99BAD20792C94414AC6424E8 /* Splitters.h */,
				2B4D84797C024175BC376FBA /* StatusBar.h */,
				3368CE36DC0E4995BC8FF691 /* TabButton.h */,
				C106F2D5E52943D595F273F3 /* TabControl.h */,
				A4B7C3B530F34C389735AA71 /* TabStrip.h */,
				B366A9B9FA4A4F98A800C5CE /* TabTitleBar.h */,
				24A15EC89895432A9493DC1E /* Text.h */,
				AD265E44777141779ABB0C4D /* TextBox.h */,
				D64705BF360B4D3EA29EA459 /* ToolBar.h */,
				923EF944F9E34DA68D02B251 /* TreeControl.h */,
				D94D182743EC4C028D4D1C65 /* TreeNode.h */,
				D4F41235E66E475793F2DD3A /* VerticalScrollBar.h */,
				EFE4B1D734ED498EB4408831 /* VerticalSlider.h */,
				8CF32AA297A4458C84775520 /* WindowButtons.h */,
				DAB8834833124DC3BB43E0E2 /* WindowCanvas.h */,
				1D7EF59932E641C0A806C58A /* WindowControl.h */,
			);
			name = Controls;
			sourceTree = "<group>";
		};
		98F0EB2DE147498982839B04 /* Property */ = {
			isa = PBXGroup;
			children = (
				EB31D7FD44E84B6C916B2F7C /* BaseProperty.h */,
				01BAC89E11DE4783994EA924 /* Checkbox.h */,
				4AD3848CD3164BF881888C4A /* ColorSelector.h */,
				D12CB452719542A8A16947D6 /* ComboBox.h */,
				E9A094711D7C47C98F5B51A2 /* File.h */,
				08FBCDF394F04195825E1D04 /* Folder.h */,
				9BAE0E5E41894791BB4AA92C /* Text.h */,
			);
			name = Property;
			sourceTree = "<group>";
		};
		AA4815E39784484A895ED2FD /* Headers */ = {
			isa = PBXGroup;
			children = (
				914E52BF71CA4ED2A8F4DB89 /* Controls */,
				745C58862BE34D19B0378A1A /* Skins */,
				92C422D75DDA447B9FB459C7 /* Align.h */,
				DEC444638982453C893CB92A /* Anim.h */,
				1BDC184E9AE24017B569372E /* ControlList.h */,
				5139495C25AA4843B181767F /* Controls.h */,
				F96B28372AD242F1ABAEE8BC /* DragAndDrop.h */,
				21927E1DF9E148B0B48123ED /* Events.h */,
				14431F5A417549C19BFA7BAA /* Gwork.h */,
				28D4657563D84E56B1907ABE /* Hook.h */,
				87EE8EFB6ADD48B884D3FC1A /* InputHandler.h */,
				C1733A42BF094FC3A57EA323 /* Skin.h */,
				41B0FA1464DE4643A02C49F6 /* ToolTip.h */,
				9A60907F4538493CA34D33A0 /* UiTypes.h */,
				CB143A775F4046B882EF4F3D /* UserData.h */,
			);
			name = Headers;
			sourceTree = "<group>";
		};
		DED0226452324CF58CAFF38B /* Dialog */ = {
			isa = PBXGroup;
			children = (
				4184E4C813A74CB2BBF70E29 /* FileOpen.cpp */,
				AD2EA3722FB5480F88B6FA18 /* FileSave.cpp */,
				EDDCB7B0D5AB48589A874274 /* FolderOpen.cpp */,
				26D75DF9D54F49998253DB49 /* Query.cpp */,
			);
			name = Dialog;
			sourceTree = "<group>";
		};
		EE5F474ADDCD41ADA5D55EBE /* CMake Rules */ = {
			isa = PBXGroup;
			children = (
			);
			name = "CMake Rules";
			sourceTree = "<group>";
		};
		F2CEF16DCF8D42DF9AF617C2 /* Source */ = {
			isa = PBXGroup;
			children = (
				0FD3D1D13ECE482388BD9008 /* CrossPlatform.cpp */,
				D3AE418EE27146799F1BB22D /* DebugBreak.h */,
				01415769F15F420D8A240E86 /* PlatformCommon.cpp */,
				04855DE7AD174BA9B70D6A8A /* Utility.cpp */,
				95DDB182D2924EC18B3CCB7E /* SDL2.cpp */,
			);
			name = Source;
			sourceTree = "<group>";
		};
		F4F5456A394642488A471634 /* Products */ = {
			isa = PBXGroup;
			children = (
				6AFFACA5F2AC4DF7948B0C76 /* libGwork.a */,
				494EA4FF86F5472CA4940C43 /* libGworkSDL2.a */,
			);
			name = Products;
			sourceTree = "<group>";
		};
		FEC9ACDA55E948C18E6D5800 /* Renderer */ = {
			isa = PBXGroup;
			children = (
				E6FA83BB8460439FACFA478B /* SDL2.h */,
			);
			name = Renderer;
			sourceTree = "<group>";
		};
/* End PBXGroup section */

/* Begin PBXNativeTarget section */
		09A61493D9094E6E97086883 /* GworkSDL2 */ = {
			isa = PBXNativeTarget;
			buildConfigurationList = DFE2C0957449447FA28F20A0 /* Build configuration list for PBXNativeTarget "GworkSDL2" */;
			buildPhases = (
				E127B2E26D194ACEA167737D /* Sources */,
			);
			buildRules = (
			);
			dependencies = (
			);
			name = GworkSDL2;
			productName = GworkSDL2;
			productReference = 494EA4FF86F5472CA4940C43 /* libGworkSDL2.a */;
			productType = "com.apple.product-type.library.static";
		};
		4C9329E366EC4E45A9BFE44E /* Gwork */ = {
			isa = PBXNativeTarget;
			buildConfigurationList = 0BE28415F63441A9A0E5A55C /* Build configuration list for PBXNativeTarget "Gwork" */;
			buildPhases = (
				3D2986E65DA24B38B6ADB0A6 /* Sources */,
			);
			buildRules = (
			);
			dependencies = (
				176EC5F45F3F4523B780C76C /* PBXTargetDependency */,
			);
			name = Gwork;
			productName = Gwork;
			productReference = 6AFFACA5F2AC4DF7948B0C76 /* libGwork.a */;
			productType = "com.apple.product-type.library.static";
		};
/* End PBXNativeTarget section */

/* Begin PBXProject section */
		C59CE1CDF5B94FF385A23B02 /* Project object */ = {
			isa = PBXProject;
			attributes = {
				BuildIndependentTargetsInParallel = YES;
				LastUpgradeCheck = 1130;
			};
			buildConfigurationList = C526831C3DEF4E1EA8F26D2A /* Build configuration list for PBXProject "gwork" */;
			compatibilityVersion = "Xcode 3.2";
			developmentRegion = en;
			hasScannedForEncodings = 0;
			knownRegions = (
				en,
				Base,
			);
			mainGroup = 3487C12152E8452583EEABC9;
			projectDirPath = /Users/pavlogryb/Dropbox/Projects/Robot/thirdParty/gwork;
			projectRoot = "";
			targets = (
				4C9329E366EC4E45A9BFE44E /* Gwork */,
				09A61493D9094E6E97086883 /* GworkSDL2 */,
				9C3ACBB970324532A873A1C8 /* doc */,
				752A9DED4A1E4D1E9252249F /* install */,
			);
		};
/* End PBXProject section */

/* Begin PBXShellScriptBuildPhase section */
		0259BE3D4D5248E48F409AAC /* CMake PostBuild Rules */ = {
			isa = PBXShellScriptBuildPhase;
			buildActionMask = 2147483647;
			files = (
			);
			name = "CMake PostBuild Rules";
			runOnlyForDeploymentPostprocessing = 0;
			shellPath = /bin/sh;
			shellScript = "make -C /Users/pavlogryb/Dropbox\\ (Snap\\ Inc.)/Projects/Robot/thirdParty/gwork -f /Users/pavlogryb/Dropbox\\ (Snap\\ Inc.)/Projects/Robot/thirdParty/gwork/CMakeScripts/install_postBuildPhase.make$CONFIGURATION OBJDIR=$(basename \"$OBJECT_FILE_DIR_normal\") all";
			showEnvVarsInLog = 0;
		};
		6F116AAC40CB442AB53DAF75 /* CMake Rules */ = {
			isa = PBXShellScriptBuildPhase;
			buildActionMask = 2147483647;
			files = (
			);
			name = "CMake Rules";
			runOnlyForDeploymentPostprocessing = 0;
			shellPath = /bin/sh;
			shellScript = "make -C /Users/pavlogryb/Dropbox\\ (Snap\\ Inc.)/Projects/Robot/thirdParty/gwork/docs -f /Users/pavlogryb/Dropbox\\ (Snap\\ Inc.)/Projects/Robot/thirdParty/gwork/docs/CMakeScripts/doc_cmakeRulesBuildPhase.make$CONFIGURATION OBJDIR=$(basename \"$OBJECT_FILE_DIR_normal\") all";
			showEnvVarsInLog = 0;
		};
/* End PBXShellScriptBuildPhase section */

/* Begin PBXSourcesBuildPhase section */
		3D2986E65DA24B38B6ADB0A6 /* Sources */ = {
			isa = PBXSourcesBuildPhase;
			buildActionMask = 2147483647;
			files = (
				238BDEE558F04B6180F37005 /* Anim.cpp in Sources */,
				68B326E5996A4E729EF000DD /* BaseRender.cpp in Sources */,
				98F3FFDDCE0740AFAB5D3E24 /* ControlList.cpp in Sources */,
				3192B7EF67574C04ADB9BF64 /* Base.cpp in Sources */,
				076A2AF800694801B0C110CD /* Button.cpp in Sources */,
				8CCC36C708844B4DB4E7A8F7 /* Canvas.cpp in Sources */,
				7EE3B3355DEA4867BA176314 /* CheckBox.cpp in Sources */,
				A76C34E3424B4EB2ACE3B3DD /* CollapsibleCategory.cpp in Sources */,
				94FB130F2ABB4B02A673E37E /* ColorControls.cpp in Sources */,
				9477E77B59E04E8691ED8B31 /* ColorPicker.cpp in Sources */,
				BC765DECA0A54D05AA59A87D /* ComboBox.cpp in Sources */,
				D71478E9007E411C97216473 /* CrossSplitter.cpp in Sources */,
				65D0BFD6FFA141FA9D63B58C /* FileOpen.cpp in Sources */,
				1897EEC6FB0B4FBF9BB4E38F /* FileSave.cpp in Sources */,
				B4FA00CF84BC4330B98F1C49 /* FolderOpen.cpp in Sources */,
				299981E5FE4944C9AD7FED95 /* Query.cpp in Sources */,
				2FEAB1440AA4410F9D9F1EDB /* DockBase.cpp in Sources */,
				BE71C1FB97304F418A960A5A /* DockedTabControl.cpp in Sources */,
				A00DFD0B149746E8A7D21F97 /* Dragger.cpp in Sources */,
				A4D71B9D8B714EAB99E780C3 /* GroupBox.cpp in Sources */,
				943F6F8A41DC48E0AD5A9361 /* HSVColorPicker.cpp in Sources */,
				5C1E9D3F6689426FA6285539 /* HorizontalScrollBar.cpp in Sources */,
				DB29F10B8A9142E5863A4BFE /* HorizontalSlider.cpp in Sources */,
				C5C80075243B4BB9A6C4D36E /* ImagePanel.cpp in Sources */,
				769235CE2D6242D7B16C03E9 /* Label.cpp in Sources */,
				06144A324985477C8D0DE2E8 /* LabelClickable.cpp in Sources */,
				AF566E6DCEE640368C9204C7 /* ListBox.cpp in Sources */,
				914EA30381274385A1C8EF9A /* Menu.cpp in Sources */,
				199ACC435D894E269E07043D /* MenuItem.cpp in Sources */,
				8E0F46B97D154262809792D7 /* MenuStrip.cpp in Sources */,
				6B36AF3B9AB64330B1D99D1E /* NumericUpDown.cpp in Sources */,
				97A9651B141D423389C9B3BE /* PageControl.cpp in Sources */,
				3AD6FB036C794A8884C1A821 /* ProgressBar.cpp in Sources */,
				1860D5787EF5447BB7376686 /* Properties.cpp in Sources */,
				F2C0EC228C184C95898AE64C /* PropertyTree.cpp in Sources */,
				A40D33D81C894C20AC21B0A2 /* RadioButton.cpp in Sources */,
				541BC4A32576489685F1205E /* RadioButtonController.cpp in Sources */,
				BC2B38947A3C49AC84A33210 /* Rectangle.cpp in Sources */,
				04C31BD647AF4683A2A8ECD1 /* ResizableControl.cpp in Sources */,
				ADD54A9F958E4E39BD99CD42 /* Resizer.cpp in Sources */,
				A20D9E39CCD646BBB3313624 /* RichLabel.cpp in Sources */,
				16FD513E0BAE48F5A198E2E6 /* ScrollBar.cpp in Sources */,
				C95EE3D397634938B2427849 /* ScrollBarBar.cpp in Sources */,
				F5359A54FCA54BC5A6EAF962 /* ScrollBarButton.cpp in Sources */,
				88627FE149414A8DAE2DEE2E /* ScrollControl.cpp in Sources */,
				5FFBCFA0ED50422CA0C4433E /* Slider.cpp in Sources */,
				D2C02C28EF95402F9A002D7A /* SplitterBar.cpp in Sources */,
				7386ECC4137B452193BFB427 /* TabButton.cpp in Sources */,
				CA33757C4B8546F2B6F1860D /* TabControl.cpp in Sources */,
				A0713197884D49B8BF516FF8 /* TabStrip.cpp in Sources */,
				83D8890A89084E52B940F3C0 /* Text.cpp in Sources */,
				C7C29B3ABFA448228990B1C7 /* TextBox.cpp in Sources */,
				B4B068E43FFF483898A25685 /* TextBoxNumeric.cpp in Sources */,
				BC36A4900FBD4491B3C03644 /* TreeControl.cpp in Sources */,
				CEEAE6B7657C41EA8469EA25 /* TreeNode.cpp in Sources */,
				2802CF434E904278A8203C94 /* VerticalScrollBar.cpp in Sources */,
				7E47A7EA0D05467FA060877C /* VerticalSlider.cpp in Sources */,
				D532234B872F44EA8A95E50E /* WindowCanvas.cpp in Sources */,
				987AA7B245404683950BB313 /* WindowControl.cpp in Sources */,
				032FEA8954B9421DB5B16A36 /* DragAndDrop.cpp in Sources */,
				FB3016ECA44B4D3C986624A7 /* Events.cpp in Sources */,
				88A6C1C2CF1046549AA9080D /* Gwork.cpp in Sources */,
				115ABEC4882A434F99BC1D5C /* Hook.cpp in Sources */,
				B8129105D8D545CE9E061ED4 /* InputHandler.cpp in Sources */,
				A1B1A7DAC44E47F79B26BE3B /* Skin.cpp in Sources */,
				EEF37581153840FFA3F7D0B8 /* ToolTip.cpp in Sources */,
			);
			runOnlyForDeploymentPostprocessing = 0;
		};
		E127B2E26D194ACEA167737D /* Sources */ = {
			isa = PBXSourcesBuildPhase;
			buildActionMask = 2147483647;
			files = (
				CDE11BDB701B459F93ED1F55 /* CrossPlatform.cpp in Sources */,
				89434CFBC6874DA1A34FFF6D /* PlatformCommon.cpp in Sources */,
				A102B335A1FF476B9CA5F377 /* Utility.cpp in Sources */,
				DFC836DAA95449B1944280CD /* SDL2.cpp in Sources */,
			);
			runOnlyForDeploymentPostprocessing = 0;
		};
/* End PBXSourcesBuildPhase section */

/* Begin PBXTargetDependency section */
		176EC5F45F3F4523B780C76C /* PBXTargetDependency */ = {
			isa = PBXTargetDependency;
			target = 09A61493D9094E6E97086883 /* GworkSDL2 */;
			targetProxy = 419732E5DAE1422AB86DAA15 /* PBXContainerItemProxy */;
		};
/* End PBXTargetDependency section */

/* Begin XCBuildConfiguration section */
		04D3D5F9BA4A4E6E8D2ACA8D /* Release */ = {
			isa = XCBuildConfiguration;
			buildSettings = {
				COMBINE_HIDPI_IMAGES = YES;
				CONFIGURATION_BUILD_DIR = /Users/pavlogryb/Dropbox/Projects/Robot/thirdParty/gwork/lib/Release;
				EXECUTABLE_PREFIX = lib;
				EXECUTABLE_SUFFIX = .a;
				GCC_GENERATE_DEBUGGING_SYMBOLS = NO;
				GCC_INLINES_ARE_PRIVATE_EXTERN = NO;
				GCC_OPTIMIZATION_LEVEL = 3;
				GCC_PREPROCESSOR_DEFINITIONS = (
					"'CMAKE_INTDIR=\"$(CONFIGURATION)$(EFFECTIVE_PLATFORM_NAME)\"'",
					"'GWK_PLATFORM_Cross=1 -DGWK_RENDER_SDL2=1'",
				);
				GCC_SYMBOLS_PRIVATE_EXTERN = NO;
				HEADER_SEARCH_PATHS = (
					/Users/pavlogryb/Dropbox/Projects/Robot/thirdParty/gwork/source/platform/include,
					/usr/local/include/SDL2,
				);
				INSTALL_PATH = "";
				LIBRARY_STYLE = STATIC;
				OTHER_CPLUSPLUSFLAGS = (
					"-DNDEBUG",
					"'-std=gnu++11'",
				);
				OTHER_LIBTOOLFLAGS = " ";
				OTHER_REZFLAGS = "";
				PRODUCT_NAME = GworkSDL2;
				SECTORDER_FLAGS = "";
				SYMROOT = /Users/pavlogryb/Dropbox/Projects/Robot/thirdParty/gwork/source/platform;
				USE_HEADERMAP = NO;
				WARNING_CFLAGS = (
					"-Wmost",
					"-Wno-four-char-constants",
					"-Wno-unknown-pragmas",
					"$(inherited)",
				);
			};
			name = Release;
		};
		27D6AD4690744F91AA1E5F3B /* Debug */ = {
			isa = XCBuildConfiguration;
			buildSettings = {
				COMBINE_HIDPI_IMAGES = YES;
				GCC_GENERATE_DEBUGGING_SYMBOLS = YES;
				GCC_INLINES_ARE_PRIVATE_EXTERN = NO;
				GCC_OPTIMIZATION_LEVEL = 0;
				GCC_PREPROCESSOR_DEFINITIONS = "'CMAKE_INTDIR=\"$(CONFIGURATION)$(EFFECTIVE_PLATFORM_NAME)\"'";
				GCC_SYMBOLS_PRIVATE_EXTERN = NO;
				INSTALL_PATH = "";
				OTHER_LDFLAGS = " ";
				OTHER_REZFLAGS = "";
				PRODUCT_NAME = install;
				SECTORDER_FLAGS = "";
				SYMROOT = /Users/pavlogryb/Dropbox/Projects/Robot/thirdParty/gwork;
				USE_HEADERMAP = NO;
				WARNING_CFLAGS = (
					"-Wmost",
					"-Wno-four-char-constants",
					"-Wno-unknown-pragmas",
					"$(inherited)",
				);
			};
			name = Debug;
		};
		351CDF008E774CA69F5FBF04 /* RelWithDebInfo */ = {
			isa = XCBuildConfiguration;
			buildSettings = {
				COMBINE_HIDPI_IMAGES = YES;
				CONFIGURATION_BUILD_DIR = /Users/pavlogryb/Dropbox/Projects/Robot/thirdParty/gwork/lib/RelWithDebInfo;
				EXECUTABLE_PREFIX = lib;
				EXECUTABLE_SUFFIX = .a;
				GCC_GENERATE_DEBUGGING_SYMBOLS = YES;
				GCC_INLINES_ARE_PRIVATE_EXTERN = NO;
				GCC_OPTIMIZATION_LEVEL = 2;
				GCC_PREPROCESSOR_DEFINITIONS = (
					"'CMAKE_INTDIR=\"$(CONFIGURATION)$(EFFECTIVE_PLATFORM_NAME)\"'",
					"'GWK_PLATFORM_Cross=1 -DGWK_RENDER_SDL2=1'",
				);
				GCC_SYMBOLS_PRIVATE_EXTERN = NO;
				HEADER_SEARCH_PATHS = (
					/Users/pavlogryb/Dropbox/Projects/Robot/thirdParty/gwork/source/platform/include,
					/usr/local/include/SDL2,
				);
				INSTALL_PATH = "";
				LIBRARY_STYLE = STATIC;
				OTHER_CPLUSPLUSFLAGS = (
					"-DNDEBUG",
					"'-std=gnu++11'",
				);
				OTHER_LIBTOOLFLAGS = " ";
				OTHER_REZFLAGS = "";
				PRODUCT_NAME = GworkSDL2;
				SECTORDER_FLAGS = "";
				SYMROOT = /Users/pavlogryb/Dropbox/Projects/Robot/thirdParty/gwork/source/platform;
				USE_HEADERMAP = NO;
				WARNING_CFLAGS = (
					"-Wmost",
					"-Wno-four-char-constants",
					"-Wno-unknown-pragmas",
					"$(inherited)",
				);
			};
			name = RelWithDebInfo;
		};
		4E58817F67E446A98F8D8179 /* RelWithDebInfo */ = {
			isa = XCBuildConfiguration;
			buildSettings = {
				COMBINE_HIDPI_IMAGES = YES;
				CONFIGURATION_BUILD_DIR = /Users/pavlogryb/Dropbox/Projects/Robot/thirdParty/gwork/lib/RelWithDebInfo;
				EXECUTABLE_PREFIX = lib;
				EXECUTABLE_SUFFIX = .a;
				GCC_GENERATE_DEBUGGING_SYMBOLS = YES;
				GCC_INLINES_ARE_PRIVATE_EXTERN = NO;
				GCC_OPTIMIZATION_LEVEL = 2;
				GCC_PREPROCESSOR_DEFINITIONS = "'CMAKE_INTDIR=\"$(CONFIGURATION)$(EFFECTIVE_PLATFORM_NAME)\"'";
				GCC_SYMBOLS_PRIVATE_EXTERN = NO;
				HEADER_SEARCH_PATHS = (
					/Users/pavlogryb/Dropbox/Projects/Robot/thirdParty/gwork/source/platform/include,
					/Users/pavlogryb/Dropbox/Projects/Robot/thirdParty/gwork/source/gwork/include,
					/usr/local/include/SDL2,
				);
				INSTALL_PATH = "";
				LIBRARY_STYLE = STATIC;
				OTHER_CPLUSPLUSFLAGS = (
					"-DNDEBUG",
					"'-std=gnu++11'",
				);
				OTHER_LIBTOOLFLAGS = " ";
				OTHER_REZFLAGS = "";
				PRODUCT_NAME = Gwork;
				SECTORDER_FLAGS = "";
				SYMROOT = /Users/pavlogryb/Dropbox/Projects/Robot/thirdParty/gwork/build;
				USE_HEADERMAP = NO;
				WARNING_CFLAGS = (
					"-Wmost",
					"-Wno-four-char-constants",
					"-Wno-unknown-pragmas",
					"$(inherited)",
				);
			};
			name = RelWithDebInfo;
		};
		604C66AAB59949D585B1F2B4 /* MinSizeRel */ = {
			isa = XCBuildConfiguration;
			buildSettings = {
				COMBINE_HIDPI_IMAGES = YES;
				CONFIGURATION_BUILD_DIR = /Users/pavlogryb/Dropbox/Projects/Robot/thirdParty/gwork/lib/MinSizeRel;
				EXECUTABLE_PREFIX = lib;
				EXECUTABLE_SUFFIX = .a;
				GCC_GENERATE_DEBUGGING_SYMBOLS = NO;
				GCC_INLINES_ARE_PRIVATE_EXTERN = NO;
				GCC_OPTIMIZATION_LEVEL = s;
				GCC_PREPROCESSOR_DEFINITIONS = (
					"'CMAKE_INTDIR=\"$(CONFIGURATION)$(EFFECTIVE_PLATFORM_NAME)\"'",
					"'GWK_PLATFORM_Cross=1 -DGWK_RENDER_SDL2=1'",
				);
				GCC_SYMBOLS_PRIVATE_EXTERN = NO;
				HEADER_SEARCH_PATHS = (
					/Users/pavlogryb/Dropbox/Projects/Robot/thirdParty/gwork/source/platform/include,
					/usr/local/include/SDL2,
				);
				INSTALL_PATH = "";
				LIBRARY_STYLE = STATIC;
				OTHER_CPLUSPLUSFLAGS = (
					"-DNDEBUG",
					"'-std=gnu++11'",
				);
				OTHER_LIBTOOLFLAGS = " ";
				OTHER_REZFLAGS = "";
				PRODUCT_NAME = GworkSDL2;
				SECTORDER_FLAGS = "";
				SYMROOT = /Users/pavlogryb/Dropbox/Projects/Robot/thirdParty/gwork/source/platform;
				USE_HEADERMAP = NO;
				WARNING_CFLAGS = (
					"-Wmost",
					"-Wno-four-char-constants",
					"-Wno-unknown-pragmas",
					"$(inherited)",
				);
			};
			name = MinSizeRel;
		};
		69AC77E6E9C24733ADBBF929 /* MinSizeRel */ = {
			isa = XCBuildConfiguration;
			buildSettings = {
				COMBINE_HIDPI_IMAGES = YES;
				GCC_GENERATE_DEBUGGING_SYMBOLS = YES;
				GCC_INLINES_ARE_PRIVATE_EXTERN = NO;
				GCC_OPTIMIZATION_LEVEL = 0;
				GCC_PREPROCESSOR_DEFINITIONS = "'CMAKE_INTDIR=\"$(CONFIGURATION)$(EFFECTIVE_PLATFORM_NAME)\"'";
				GCC_SYMBOLS_PRIVATE_EXTERN = NO;
				INSTALL_PATH = "";
				OTHER_LDFLAGS = " ";
				OTHER_REZFLAGS = "";
				PRODUCT_NAME = doc;
				SECTORDER_FLAGS = "";
				SYMROOT = /Users/pavlogryb/Dropbox/Projects/Robot/thirdParty/gwork/docs;
				USE_HEADERMAP = NO;
				WARNING_CFLAGS = (
					"-Wmost",
					"-Wno-four-char-constants",
					"-Wno-unknown-pragmas",
					"$(inherited)",
				);
			};
			name = MinSizeRel;
		};
		70DF2A3C375549B3A1076A62 /* Release */ = {
			isa = XCBuildConfiguration;
			buildSettings = {
				MACOSX_DEPLOYMENT_TARGET = 10.14;
				ONLY_ACTIVE_ARCH = YES;
				SDKROOT = /Applications/Xcode.app/Contents/Developer/Platforms/MacOSX.platform/Developer/SDKs/MacOSX10.15.sdk;
				SYMROOT = "/Users/pavlogryb/Dropbox (Snap Inc.)/Projects/Robot/thirdParty/gwork/build";
			};
			name = Release;
		};
		8C1A1C475E294532802B1678 /* MinSizeRel */ = {
			isa = XCBuildConfiguration;
			buildSettings = {
				MACOSX_DEPLOYMENT_TARGET = 10.14;
				ONLY_ACTIVE_ARCH = YES;
				SDKROOT = /Applications/Xcode.app/Contents/Developer/Platforms/MacOSX.platform/Developer/SDKs/MacOSX10.15.sdk;
				SYMROOT = "/Users/pavlogryb/Dropbox (Snap Inc.)/Projects/Robot/thirdParty/gwork/build";
			};
			name = MinSizeRel;
		};
		8FA2BC7B0DF5416E85EEF906 /* Release */ = {
			isa = XCBuildConfiguration;
			buildSettings = {
				COMBINE_HIDPI_IMAGES = YES;
				GCC_GENERATE_DEBUGGING_SYMBOLS = YES;
				GCC_INLINES_ARE_PRIVATE_EXTERN = NO;
				GCC_OPTIMIZATION_LEVEL = 0;
				GCC_PREPROCESSOR_DEFINITIONS = "'CMAKE_INTDIR=\"$(CONFIGURATION)$(EFFECTIVE_PLATFORM_NAME)\"'";
				GCC_SYMBOLS_PRIVATE_EXTERN = NO;
				INSTALL_PATH = "";
				OTHER_LDFLAGS = " ";
				OTHER_REZFLAGS = "";
				PRODUCT_NAME = install;
				SECTORDER_FLAGS = "";
				SYMROOT = /Users/pavlogryb/Dropbox/Projects/Robot/thirdParty/gwork;
				USE_HEADERMAP = NO;
				WARNING_CFLAGS = (
					"-Wmost",
					"-Wno-four-char-constants",
					"-Wno-unknown-pragmas",
					"$(inherited)",
				);
			};
			name = Release;
		};
		9654364CACBC48CBBE2882E4 /* Debug */ = {
			isa = XCBuildConfiguration;
			buildSettings = {
				MACOSX_DEPLOYMENT_TARGET = 10.14;
				ONLY_ACTIVE_ARCH = YES;
				SDKROOT = /Applications/Xcode.app/Contents/Developer/Platforms/MacOSX.platform/Developer/SDKs/MacOSX10.15.sdk;
				SYMROOT = "/Users/pavlogryb/Dropbox (Snap Inc.)/Projects/Robot/thirdParty/gwork/build";
			};
			name = Debug;
		};
		9C646FE24D6D45CC9B648536 /* RelWithDebInfo */ = {
			isa = XCBuildConfiguration;
			buildSettings = {
				COMBINE_HIDPI_IMAGES = YES;
				GCC_GENERATE_DEBUGGING_SYMBOLS = YES;
				GCC_INLINES_ARE_PRIVATE_EXTERN = NO;
				GCC_OPTIMIZATION_LEVEL = 0;
				GCC_PREPROCESSOR_DEFINITIONS = "'CMAKE_INTDIR=\"$(CONFIGURATION)$(EFFECTIVE_PLATFORM_NAME)\"'";
				GCC_SYMBOLS_PRIVATE_EXTERN = NO;
				INSTALL_PATH = "";
				OTHER_LDFLAGS = " ";
				OTHER_REZFLAGS = "";
				PRODUCT_NAME = doc;
				SECTORDER_FLAGS = "";
				SYMROOT = /Users/pavlogryb/Dropbox/Projects/Robot/thirdParty/gwork/docs;
				USE_HEADERMAP = NO;
				WARNING_CFLAGS = (
					"-Wmost",
					"-Wno-four-char-constants",
					"-Wno-unknown-pragmas",
					"$(inherited)",
				);
			};
			name = RelWithDebInfo;
		};
		AD6146F5890B442BB6BE15A8 /* Debug */ = {
			isa = XCBuildConfiguration;
			buildSettings = {
				COMBINE_HIDPI_IMAGES = YES;
				CONFIGURATION_BUILD_DIR = /Users/pavlogryb/Dropbox/Projects/Robot/thirdParty/gwork/lib/Debug;
				EXECUTABLE_PREFIX = lib;
				EXECUTABLE_SUFFIX = .a;
				GCC_GENERATE_DEBUGGING_SYMBOLS = YES;
				GCC_INLINES_ARE_PRIVATE_EXTERN = NO;
				GCC_OPTIMIZATION_LEVEL = 0;
				GCC_PREPROCESSOR_DEFINITIONS = (
					"'CMAKE_INTDIR=\"$(CONFIGURATION)$(EFFECTIVE_PLATFORM_NAME)\"'",
					"'GWK_PLATFORM_Cross=1 -DGWK_RENDER_SDL2=1'",
				);
				GCC_SYMBOLS_PRIVATE_EXTERN = NO;
				HEADER_SEARCH_PATHS = (
					/Users/pavlogryb/Dropbox/Projects/Robot/thirdParty/gwork/source/platform/include,
					/usr/local/include/SDL2,
				);
				INSTALL_PATH = "";
				LIBRARY_STYLE = STATIC;
				OTHER_CPLUSPLUSFLAGS = "   '-std=gnu++11'  ";
				OTHER_LIBTOOLFLAGS = " ";
				OTHER_REZFLAGS = "";
				PRODUCT_NAME = GworkSDL2;
				SECTORDER_FLAGS = "";
				SYMROOT = /Users/pavlogryb/Dropbox/Projects/Robot/thirdParty/gwork/source/platform;
				USE_HEADERMAP = NO;
				WARNING_CFLAGS = (
					"-Wmost",
					"-Wno-four-char-constants",
					"-Wno-unknown-pragmas",
					"$(inherited)",
				);
			};
			name = Debug;
		};
		B2F7B148AE7F403F8CA699A7 /* MinSizeRel */ = {
			isa = XCBuildConfiguration;
			buildSettings = {
				COMBINE_HIDPI_IMAGES = YES;
				GCC_GENERATE_DEBUGGING_SYMBOLS = YES;
				GCC_INLINES_ARE_PRIVATE_EXTERN = NO;
				GCC_OPTIMIZATION_LEVEL = 0;
				GCC_PREPROCESSOR_DEFINITIONS = "'CMAKE_INTDIR=\"$(CONFIGURATION)$(EFFECTIVE_PLATFORM_NAME)\"'";
				GCC_SYMBOLS_PRIVATE_EXTERN = NO;
				INSTALL_PATH = "";
				OTHER_LDFLAGS = " ";
				OTHER_REZFLAGS = "";
				PRODUCT_NAME = install;
				SECTORDER_FLAGS = "";
				SYMROOT = /Users/pavlogryb/Dropbox/Projects/Robot/thirdParty/gwork;
				USE_HEADERMAP = NO;
				WARNING_CFLAGS = (
					"-Wmost",
					"-Wno-four-char-constants",
					"-Wno-unknown-pragmas",
					"$(inherited)",
				);
			};
			name = MinSizeRel;
		};
		B5A615108D544BABBD1AF2EA /* Debug */ = {
			isa = XCBuildConfiguration;
			buildSettings = {
				COMBINE_HIDPI_IMAGES = YES;
				GCC_GENERATE_DEBUGGING_SYMBOLS = YES;
				GCC_INLINES_ARE_PRIVATE_EXTERN = NO;
				GCC_OPTIMIZATION_LEVEL = 0;
				GCC_PREPROCESSOR_DEFINITIONS = "'CMAKE_INTDIR=\"$(CONFIGURATION)$(EFFECTIVE_PLATFORM_NAME)\"'";
				GCC_SYMBOLS_PRIVATE_EXTERN = NO;
				INSTALL_PATH = "";
				OTHER_LDFLAGS = " ";
				OTHER_REZFLAGS = "";
				PRODUCT_NAME = doc;
				SECTORDER_FLAGS = "";
				SYMROOT = /Users/pavlogryb/Dropbox/Projects/Robot/thirdParty/gwork/docs;
				USE_HEADERMAP = NO;
				WARNING_CFLAGS = (
					"-Wmost",
					"-Wno-four-char-constants",
					"-Wno-unknown-pragmas",
					"$(inherited)",
				);
			};
			name = Debug;
		};
		DADDF6233B114E04BA3EE5CB /* RelWithDebInfo */ = {
			isa = XCBuildConfiguration;
			buildSettings = {
				MACOSX_DEPLOYMENT_TARGET = 10.14;
				ONLY_ACTIVE_ARCH = YES;
				SDKROOT = /Applications/Xcode.app/Contents/Developer/Platforms/MacOSX.platform/Developer/SDKs/MacOSX10.15.sdk;
				SYMROOT = "/Users/pavlogryb/Dropbox (Snap Inc.)/Projects/Robot/thirdParty/gwork/build";
			};
			name = RelWithDebInfo;
		};
		E14F60E8A30A4C4583C2E7CC /* Release */ = {
			isa = XCBuildConfiguration;
			buildSettings = {
				COMBINE_HIDPI_IMAGES = YES;
				CONFIGURATION_BUILD_DIR = /Users/pavlogryb/Dropbox/Projects/Robot/thirdParty/gwork/lib/Release;
				EXECUTABLE_PREFIX = lib;
				EXECUTABLE_SUFFIX = .a;
				GCC_GENERATE_DEBUGGING_SYMBOLS = NO;
				GCC_INLINES_ARE_PRIVATE_EXTERN = NO;
				GCC_OPTIMIZATION_LEVEL = 3;
				GCC_PREPROCESSOR_DEFINITIONS = "'CMAKE_INTDIR=\"$(CONFIGURATION)$(EFFECTIVE_PLATFORM_NAME)\"'";
				GCC_SYMBOLS_PRIVATE_EXTERN = NO;
				HEADER_SEARCH_PATHS = (
					/Users/pavlogryb/Dropbox/Projects/Robot/thirdParty/gwork/source/platform/include,
					/Users/pavlogryb/Dropbox/Projects/Robot/thirdParty/gwork/source/gwork/include,
					/usr/local/include/SDL2,
				);
				INSTALL_PATH = "";
				LIBRARY_STYLE = STATIC;
				OTHER_CPLUSPLUSFLAGS = (
					"-DNDEBUG",
					"'-std=gnu++11'",
				);
				OTHER_LIBTOOLFLAGS = " ";
				OTHER_REZFLAGS = "";
				PRODUCT_NAME = Gwork;
				SECTORDER_FLAGS = "";
				SYMROOT = /Users/pavlogryb/Dropbox/Projects/Robot/thirdParty/gwork/build;
				USE_HEADERMAP = NO;
				WARNING_CFLAGS = (
					"-Wmost",
					"-Wno-four-char-constants",
					"-Wno-unknown-pragmas",
					"$(inherited)",
				);
			};
			name = Release;
		};
		EE33537F70EB4A05A7391169 /* RelWithDebInfo */ = {
			isa = XCBuildConfiguration;
			buildSettings = {
				COMBINE_HIDPI_IMAGES = YES;
				GCC_GENERATE_DEBUGGING_SYMBOLS = YES;
				GCC_INLINES_ARE_PRIVATE_EXTERN = NO;
				GCC_OPTIMIZATION_LEVEL = 0;
				GCC_PREPROCESSOR_DEFINITIONS = "'CMAKE_INTDIR=\"$(CONFIGURATION)$(EFFECTIVE_PLATFORM_NAME)\"'";
				GCC_SYMBOLS_PRIVATE_EXTERN = NO;
				INSTALL_PATH = "";
				OTHER_LDFLAGS = " ";
				OTHER_REZFLAGS = "";
				PRODUCT_NAME = install;
				SECTORDER_FLAGS = "";
				SYMROOT = /Users/pavlogryb/Dropbox/Projects/Robot/thirdParty/gwork;
				USE_HEADERMAP = NO;
				WARNING_CFLAGS = (
					"-Wmost",
					"-Wno-four-char-constants",
					"-Wno-unknown-pragmas",
					"$(inherited)",
				);
			};
			name = RelWithDebInfo;
		};
		F708080EB0294026974292D2 /* Debug */ = {
			isa = XCBuildConfiguration;
			buildSettings = {
				COMBINE_HIDPI_IMAGES = YES;
				CONFIGURATION_BUILD_DIR = /Users/pavlogryb/Dropbox/Projects/Robot/thirdParty/gwork/lib/Debug;
				EXECUTABLE_PREFIX = lib;
				EXECUTABLE_SUFFIX = .a;
				GCC_GENERATE_DEBUGGING_SYMBOLS = YES;
				GCC_INLINES_ARE_PRIVATE_EXTERN = NO;
				GCC_OPTIMIZATION_LEVEL = 0;
				GCC_PREPROCESSOR_DEFINITIONS = "'CMAKE_INTDIR=\"$(CONFIGURATION)$(EFFECTIVE_PLATFORM_NAME)\"'";
				GCC_SYMBOLS_PRIVATE_EXTERN = NO;
				HEADER_SEARCH_PATHS = (
					/Users/pavlogryb/Dropbox/Projects/Robot/thirdParty/gwork/source/platform/include,
					/Users/pavlogryb/Dropbox/Projects/Robot/thirdParty/gwork/source/gwork/include,
					/usr/local/include/SDL2,
				);
				INSTALL_PATH = "";
				LIBRARY_STYLE = STATIC;
				OTHER_CPLUSPLUSFLAGS = "   '-std=gnu++11'  ";
				OTHER_LIBTOOLFLAGS = " ";
				OTHER_REZFLAGS = "";
				PRODUCT_NAME = Gwork;
				SECTORDER_FLAGS = "";
				SYMROOT = /Users/pavlogryb/Dropbox/Projects/Robot/thirdParty/gwork/build;
				USE_HEADERMAP = NO;
				WARNING_CFLAGS = (
					"-Wmost",
					"-Wno-four-char-constants",
					"-Wno-unknown-pragmas",
					"$(inherited)",
				);
			};
			name = Debug;
		};
		F7B95FA1797B417EBF071C81 /* MinSizeRel */ = {
			isa = XCBuildConfiguration;
			buildSettings = {
				COMBINE_HIDPI_IMAGES = YES;
				CONFIGURATION_BUILD_DIR = /Users/pavlogryb/Dropbox/Projects/Robot/thirdParty/gwork/lib/MinSizeRel;
				EXECUTABLE_PREFIX = lib;
				EXECUTABLE_SUFFIX = .a;
				GCC_GENERATE_DEBUGGING_SYMBOLS = NO;
				GCC_INLINES_ARE_PRIVATE_EXTERN = NO;
				GCC_OPTIMIZATION_LEVEL = s;
				GCC_PREPROCESSOR_DEFINITIONS = "'CMAKE_INTDIR=\"$(CONFIGURATION)$(EFFECTIVE_PLATFORM_NAME)\"'";
				GCC_SYMBOLS_PRIVATE_EXTERN = NO;
				HEADER_SEARCH_PATHS = (
					/Users/pavlogryb/Dropbox/Projects/Robot/thirdParty/gwork/source/platform/include,
					/Users/pavlogryb/Dropbox/Projects/Robot/thirdParty/gwork/source/gwork/include,
					/usr/local/include/SDL2,
				);
				INSTALL_PATH = "";
				LIBRARY_STYLE = STATIC;
				OTHER_CPLUSPLUSFLAGS = (
					"-DNDEBUG",
					"'-std=gnu++11'",
				);
				OTHER_LIBTOOLFLAGS = " ";
				OTHER_REZFLAGS = "";
				PRODUCT_NAME = Gwork;
				SECTORDER_FLAGS = "";
				SYMROOT = /Users/pavlogryb/Dropbox/Projects/Robot/thirdParty/gwork/build;
				USE_HEADERMAP = NO;
				WARNING_CFLAGS = (
					"-Wmost",
					"-Wno-four-char-constants",
					"-Wno-unknown-pragmas",
					"$(inherited)",
				);
			};
			name = MinSizeRel;
		};
		FB1663BEEC2F4733B532D74F /* Release */ = {
			isa = XCBuildConfiguration;
			buildSettings = {
				COMBINE_HIDPI_IMAGES = YES;
				GCC_GENERATE_DEBUGGING_SYMBOLS = YES;
				GCC_INLINES_ARE_PRIVATE_EXTERN = NO;
				GCC_OPTIMIZATION_LEVEL = 0;
				GCC_PREPROCESSOR_DEFINITIONS = "'CMAKE_INTDIR=\"$(CONFIGURATION)$(EFFECTIVE_PLATFORM_NAME)\"'";
				GCC_SYMBOLS_PRIVATE_EXTERN = NO;
				INSTALL_PATH = "";
				OTHER_LDFLAGS = " ";
				OTHER_REZFLAGS = "";
				PRODUCT_NAME = doc;
				SECTORDER_FLAGS = "";
				SYMROOT = /Users/pavlogryb/Dropbox/Projects/Robot/thirdParty/gwork/docs;
				USE_HEADERMAP = NO;
				WARNING_CFLAGS = (
					"-Wmost",
					"-Wno-four-char-constants",
					"-Wno-unknown-pragmas",
					"$(inherited)",
				);
			};
			name = Release;
		};
/* End XCBuildConfiguration section */

/* Begin XCConfigurationList section */
		0BE28415F63441A9A0E5A55C /* Build configuration list for PBXNativeTarget "Gwork" */ = {
			isa = XCConfigurationList;
			buildConfigurations = (
				F708080EB0294026974292D2 /* Debug */,
				E14F60E8A30A4C4583C2E7CC /* Release */,
				F7B95FA1797B417EBF071C81 /* MinSizeRel */,
				4E58817F67E446A98F8D8179 /* RelWithDebInfo */,
			);
			defaultConfigurationIsVisible = 0;
			defaultConfigurationName = Debug;
		};
		1D0F3264AC2B4C64AE6C7170 /* Build configuration list for PBXAggregateTarget "install" */ = {
			isa = XCConfigurationList;
			buildConfigurations = (
				27D6AD4690744F91AA1E5F3B /* Debug */,
				8FA2BC7B0DF5416E85EEF906 /* Release */,
				B2F7B148AE7F403F8CA699A7 /* MinSizeRel */,
				EE33537F70EB4A05A7391169 /* RelWithDebInfo */,
			);
			defaultConfigurationIsVisible = 0;
			defaultConfigurationName = Debug;
		};
		2E2B431E76F4408EA176088C /* Build configuration list for PBXAggregateTarget "doc" */ = {
			isa = XCConfigurationList;
			buildConfigurations = (
				B5A615108D544BABBD1AF2EA /* Debug */,
				FB1663BEEC2F4733B532D74F /* Release */,
				69AC77E6E9C24733ADBBF929 /* MinSizeRel */,
				9C646FE24D6D45CC9B648536 /* RelWithDebInfo */,
			);
			defaultConfigurationIsVisible = 0;
			defaultConfigurationName = Debug;
		};
		C526831C3DEF4E1EA8F26D2A /* Build configuration list for PBXProject "gwork" */ = {
			isa = XCConfigurationList;
			buildConfigurations = (
				9654364CACBC48CBBE2882E4 /* Debug */,
				70DF2A3C375549B3A1076A62 /* Release */,
				8C1A1C475E294532802B1678 /* MinSizeRel */,
				DADDF6233B114E04BA3EE5CB /* RelWithDebInfo */,
			);
			defaultConfigurationIsVisible = 0;
			defaultConfigurationName = Debug;
		};
		DFE2C0957449447FA28F20A0 /* Build configuration list for PBXNativeTarget "GworkSDL2" */ = {
			isa = XCConfigurationList;
			buildConfigurations = (
				AD6146F5890B442BB6BE15A8 /* Debug */,
				04D3D5F9BA4A4E6E8D2ACA8D /* Release */,
				604C66AAB59949D585B1F2B4 /* MinSizeRel */,
				351CDF008E774CA69F5FBF04 /* RelWithDebInfo */,
			);
			defaultConfigurationIsVisible = 0;
			defaultConfigurationName = Debug;
		};
/* End XCConfigurationList section */
	};
	rootObject = C59CE1CDF5B94FF385A23B02 /* Project object */;
}
